// !$*UTF8*$!
{
	archiveVersion = 1;
	classes = {
	};
	objectVersion = 46;
	objects = {

/* Begin PBXBuildFile section */
		130B67B41AAD1F5D000C0988 /* MBProgressHUD.m in Sources */ = {isa = PBXBuildFile; fileRef = 130B67B31AAD1F5D000C0988 /* MBProgressHUD.m */; };
		13636FE11A816B8100CF1613 /* Social.framework in Frameworks */ = {isa = PBXBuildFile; fileRef = 13636FE01A816B8100CF1613 /* Social.framework */; };
		13636FE31A816B8600CF1613 /* Accounts.framework in Frameworks */ = {isa = PBXBuildFile; fileRef = 13636FE21A816B8600CF1613 /* Accounts.framework */; };
		136439011A816DF9005AE6F0 /* libstdc++.6.dylib in Frameworks */ = {isa = PBXBuildFile; fileRef = 136439001A816DF9005AE6F0 /* libstdc++.6.dylib */; };
		139B901E1AA7E5F5006255F4 /* FloatRatingView.swift in Sources */ = {isa = PBXBuildFile; fileRef = 139B901D1AA7E5F5006255F4 /* FloatRatingView.swift */; };
		13C1E8241AA2F80C008A2E60 /* NewEventViewController.swift in Sources */ = {isa = PBXBuildFile; fileRef = 13C1E8231AA2F80C008A2E60 /* NewEventViewController.swift */; };
		13CE1DD01A81576B00957EB9 /* Parse.framework in Frameworks */ = {isa = PBXBuildFile; fileRef = 13CE1DCE1A81576B00957EB9 /* Parse.framework */; };
		13CE1DD21A81577800957EB9 /* GoogleMaps.bundle in Resources */ = {isa = PBXBuildFile; fileRef = 13CE1DD11A81577800957EB9 /* GoogleMaps.bundle */; };
		13CE1DD41A81581700957EB9 /* OpenGLES.framework in Frameworks */ = {isa = PBXBuildFile; fileRef = 13CE1DD31A81581700957EB9 /* OpenGLES.framework */; };
		13CE1DD61A8159D300957EB9 /* libicucore.dylib in Frameworks */ = {isa = PBXBuildFile; fileRef = 13CE1DD51A8159D300957EB9 /* libicucore.dylib */; };
		13CE1DD81A8159EB00957EB9 /* libc++.dylib in Frameworks */ = {isa = PBXBuildFile; fileRef = 13CE1DD71A8159EB00957EB9 /* libc++.dylib */; };
		13CE1DDA1A8159F500957EB9 /* ImageIO.framework in Frameworks */ = {isa = PBXBuildFile; fileRef = 13CE1DD91A8159F500957EB9 /* ImageIO.framework */; };
		13CE1DDC1A815A0100957EB9 /* GLKit.framework in Frameworks */ = {isa = PBXBuildFile; fileRef = 13CE1DDB1A815A0100957EB9 /* GLKit.framework */; };
		13CE1DDE1A815A0A00957EB9 /* CoreText.framework in Frameworks */ = {isa = PBXBuildFile; fileRef = 13CE1DDD1A815A0A00957EB9 /* CoreText.framework */; };
		13CE1DE01A815A2100957EB9 /* CoreData.framework in Frameworks */ = {isa = PBXBuildFile; fileRef = 13CE1DDF1A815A2100957EB9 /* CoreData.framework */; };
		13CE1DE21A815A2900957EB9 /* AVFoundation.framework in Frameworks */ = {isa = PBXBuildFile; fileRef = 13CE1DE11A815A2900957EB9 /* AVFoundation.framework */; };
		13CE1DED1A815B0400957EB9 /* MarkerInfoView.swift in Sources */ = {isa = PBXBuildFile; fileRef = 13CE1DEA1A815B0400957EB9 /* MarkerInfoView.swift */; };
		13CE1DEE1A815B0400957EB9 /* MarkerInfoView.xib in Resources */ = {isa = PBXBuildFile; fileRef = 13CE1DEB1A815B0400957EB9 /* MarkerInfoView.xib */; };
		13CE1DEF1A815B0400957EB9 /* UIViewExtension.swift in Sources */ = {isa = PBXBuildFile; fileRef = 13CE1DEC1A815B0400957EB9 /* UIViewExtension.swift */; };
		13CE1DF71A815DD200957EB9 /* Images.xcassets in Resources */ = {isa = PBXBuildFile; fileRef = 13CE1DF61A815DD200957EB9 /* Images.xcassets */; };
		13CFE2B71A8DD11700F64DDC /* ParseDataProvider.swift in Sources */ = {isa = PBXBuildFile; fileRef = 13CFE2B61A8DD11700F64DDC /* ParseDataProvider.swift */; };
		13CFE2BA1A8DD12C00F64DDC /* MapViewController.swift in Sources */ = {isa = PBXBuildFile; fileRef = 13CFE2B81A8DD12C00F64DDC /* MapViewController.swift */; };
		13CFE2BB1A8DD12C00F64DDC /* TypesTableViewController.swift in Sources */ = {isa = PBXBuildFile; fileRef = 13CFE2B91A8DD12C00F64DDC /* TypesTableViewController.swift */; };
		13CFE2BD1A8DD17F00F64DDC /* AppDelegate.swift in Sources */ = {isa = PBXBuildFile; fileRef = 13CFE2BC1A8DD17F00F64DDC /* AppDelegate.swift */; };
		13CFE2BF1A8DD27700F64DDC /* GoogleMaps.framework in Frameworks */ = {isa = PBXBuildFile; fileRef = 13CFE2BE1A8DD27700F64DDC /* GoogleMaps.framework */; };
		6E12567D1AAEE39E005818BB /* Power_Button.png in Resources */ = {isa = PBXBuildFile; fileRef = 6E12567C1AAEE39E005818BB /* Power_Button.png */; };
		6E14EB861AAAB09900FD1F4D /* LogInViewController.swift in Sources */ = {isa = PBXBuildFile; fileRef = 6E14EB851AAAB09900FD1F4D /* LogInViewController.swift */; };
		6EA4A67A1A7ABF2E00B625ED /* AudioToolbox.framework in Frameworks */ = {isa = PBXBuildFile; fileRef = 6EA4A6791A7ABF2E00B625ED /* AudioToolbox.framework */; };
		6EA4A67C1A7ABF4D00B625ED /* CFNetwork.framework in Frameworks */ = {isa = PBXBuildFile; fileRef = 6EA4A67B1A7ABF4D00B625ED /* CFNetwork.framework */; };
		6EA4A67E1A7ABF6700B625ED /* CoreGraphics.framework in Frameworks */ = {isa = PBXBuildFile; fileRef = 6EA4A67D1A7ABF6700B625ED /* CoreGraphics.framework */; };
		6EA4A6801A7ABF7600B625ED /* CoreLocation.framework in Frameworks */ = {isa = PBXBuildFile; fileRef = 6EA4A67F1A7ABF7600B625ED /* CoreLocation.framework */; };
		6EA4A6821A7ABF8000B625ED /* MobileCoreServices.framework in Frameworks */ = {isa = PBXBuildFile; fileRef = 6EA4A6811A7ABF8000B625ED /* MobileCoreServices.framework */; };
		6EA4A6841A7ABF8A00B625ED /* QuartzCore.framework in Frameworks */ = {isa = PBXBuildFile; fileRef = 6EA4A6831A7ABF8A00B625ED /* QuartzCore.framework */; };
		6EA4A6861A7ABF9400B625ED /* Security.framework in Frameworks */ = {isa = PBXBuildFile; fileRef = 6EA4A6851A7ABF9400B625ED /* Security.framework */; };
		6EA4A6881A7ABF9D00B625ED /* StoreKit.framework in Frameworks */ = {isa = PBXBuildFile; fileRef = 6EA4A6871A7ABF9D00B625ED /* StoreKit.framework */; };
		6EA4A68A1A7ABFA600B625ED /* SystemConfiguration.framework in Frameworks */ = {isa = PBXBuildFile; fileRef = 6EA4A6891A7ABFA600B625ED /* SystemConfiguration.framework */; };
		6EA4A68C1A7ABFAD00B625ED /* libz.dylib in Frameworks */ = {isa = PBXBuildFile; fileRef = 6EA4A68B1A7ABFAD00B625ED /* libz.dylib */; };
		6EA4A68E1A7ABFB600B625ED /* libsqlite3.dylib in Frameworks */ = {isa = PBXBuildFile; fileRef = 6EA4A68D1A7ABFB600B625ED /* libsqlite3.dylib */; };
		6EA4A6921A7AC4B400B625ED /* FacebookSDK.framework in Frameworks */ = {isa = PBXBuildFile; fileRef = 6EA4A6911A7AC4B400B625ED /* FacebookSDK.framework */; };
		6EA4A6A61A7DB61F00B625ED /* ParseCrashReporting.framework in Frameworks */ = {isa = PBXBuildFile; fileRef = 6EA4A6A41A7DB61F00B625ED /* ParseCrashReporting.framework */; };
		6EA4A6A71A7DB61F00B625ED /* ParseFacebookUtils.framework in Frameworks */ = {isa = PBXBuildFile; fileRef = 6EA4A6A51A7DB61F00B625ED /* ParseFacebookUtils.framework */; };
		6EC8FF891AAD3AA20084DFFD /* ParseUI.framework in Frameworks */ = {isa = PBXBuildFile; fileRef = 6EC8FF881AAD3AA20084DFFD /* ParseUI.framework */; };
		6EC8FF8B1AAD3AFC0084DFFD /* Camp_Logo.png in Resources */ = {isa = PBXBuildFile; fileRef = 6EC8FF8A1AAD3AFC0084DFFD /* Camp_Logo.png */; };
		6EE7A9C91AA64C9E00699978 /* SignUpViewController.swift in Sources */ = {isa = PBXBuildFile; fileRef = 6EE7A9C81AA64C9E00699978 /* SignUpViewController.swift */; };
		7037B6291AAC2891007FE6AF /* ParseDataProvider.swift in Sources */ = {isa = PBXBuildFile; fileRef = 13CFE2B61A8DD11700F64DDC /* ParseDataProvider.swift */; };
		7037B62A1AAC29B1007FE6AF /* Crashlytics.framework in Frameworks */ = {isa = PBXBuildFile; fileRef = 70E22B5B1AAB9A31000597F9 /* Crashlytics.framework */; };
		7037B62B1AAC29B4007FE6AF /* Fabric.framework in Frameworks */ = {isa = PBXBuildFile; fileRef = 70E22B5C1AAB9A31000597F9 /* Fabric.framework */; };
		7037B62C1AAC29B7007FE6AF /* GoogleMaps.framework in Frameworks */ = {isa = PBXBuildFile; fileRef = 13CFE2BE1A8DD27700F64DDC /* GoogleMaps.framework */; };
		7037B62D1AAC29BA007FE6AF /* libstdc++.6.dylib in Frameworks */ = {isa = PBXBuildFile; fileRef = 136439001A816DF9005AE6F0 /* libstdc++.6.dylib */; };
		7037B62E1AAC29BE007FE6AF /* Accounts.framework in Frameworks */ = {isa = PBXBuildFile; fileRef = 13636FE21A816B8600CF1613 /* Accounts.framework */; };
		7037B62F1AAC29C1007FE6AF /* Social.framework in Frameworks */ = {isa = PBXBuildFile; fileRef = 13636FE01A816B8100CF1613 /* Social.framework */; };
		7037B6301AAC29C3007FE6AF /* AVFoundation.framework in Frameworks */ = {isa = PBXBuildFile; fileRef = 13CE1DE11A815A2900957EB9 /* AVFoundation.framework */; };
		7037B6311AAC29C6007FE6AF /* CoreData.framework in Frameworks */ = {isa = PBXBuildFile; fileRef = 13CE1DDF1A815A2100957EB9 /* CoreData.framework */; };
		7037B6321AAC29C9007FE6AF /* CoreText.framework in Frameworks */ = {isa = PBXBuildFile; fileRef = 13CE1DDD1A815A0A00957EB9 /* CoreText.framework */; };
		7037B6331AAC29CB007FE6AF /* GLKit.framework in Frameworks */ = {isa = PBXBuildFile; fileRef = 13CE1DDB1A815A0100957EB9 /* GLKit.framework */; };
		7037B6341AAC29CD007FE6AF /* ImageIO.framework in Frameworks */ = {isa = PBXBuildFile; fileRef = 13CE1DD91A8159F500957EB9 /* ImageIO.framework */; };
		7037B6351AAC29D0007FE6AF /* libc++.dylib in Frameworks */ = {isa = PBXBuildFile; fileRef = 13CE1DD71A8159EB00957EB9 /* libc++.dylib */; };
		7037B6361AAC29D2007FE6AF /* libicucore.dylib in Frameworks */ = {isa = PBXBuildFile; fileRef = 13CE1DD51A8159D300957EB9 /* libicucore.dylib */; };
		7037B6371AAC29D6007FE6AF /* OpenGLES.framework in Frameworks */ = {isa = PBXBuildFile; fileRef = 13CE1DD31A81581700957EB9 /* OpenGLES.framework */; };
		7037B6381AAC29D9007FE6AF /* GoogleMaps.bundle in Resources */ = {isa = PBXBuildFile; fileRef = 13CE1DD11A81577800957EB9 /* GoogleMaps.bundle */; };
		7037B6391AAC29DB007FE6AF /* Parse.framework in Frameworks */ = {isa = PBXBuildFile; fileRef = 13CE1DCE1A81576B00957EB9 /* Parse.framework */; settings = {ATTRIBUTES = (Required, ); }; };
		7037B63A1AAC29DF007FE6AF /* ParseCrashReporting.framework in Frameworks */ = {isa = PBXBuildFile; fileRef = 6EA4A6A41A7DB61F00B625ED /* ParseCrashReporting.framework */; };
		7037B63B1AAC29E1007FE6AF /* ParseFacebookUtils.framework in Frameworks */ = {isa = PBXBuildFile; fileRef = 6EA4A6A51A7DB61F00B625ED /* ParseFacebookUtils.framework */; };
		7037B63C1AAC29E4007FE6AF /* FacebookSDK.framework in Frameworks */ = {isa = PBXBuildFile; fileRef = 6EA4A6911A7AC4B400B625ED /* FacebookSDK.framework */; };
		7037B63D1AAC29E6007FE6AF /* libsqlite3.dylib in Frameworks */ = {isa = PBXBuildFile; fileRef = 6EA4A68D1A7ABFB600B625ED /* libsqlite3.dylib */; };
		7037B63E1AAC29E9007FE6AF /* libz.dylib in Frameworks */ = {isa = PBXBuildFile; fileRef = 6EA4A68B1A7ABFAD00B625ED /* libz.dylib */; };
		7037B63F1AAC29EB007FE6AF /* SystemConfiguration.framework in Frameworks */ = {isa = PBXBuildFile; fileRef = 6EA4A6891A7ABFA600B625ED /* SystemConfiguration.framework */; };
		7037B6401AAC29EE007FE6AF /* StoreKit.framework in Frameworks */ = {isa = PBXBuildFile; fileRef = 6EA4A6871A7ABF9D00B625ED /* StoreKit.framework */; };
		7037B6411AAC29F1007FE6AF /* Security.framework in Frameworks */ = {isa = PBXBuildFile; fileRef = 6EA4A6851A7ABF9400B625ED /* Security.framework */; };
		7037B6421AAC29F3007FE6AF /* QuartzCore.framework in Frameworks */ = {isa = PBXBuildFile; fileRef = 6EA4A6831A7ABF8A00B625ED /* QuartzCore.framework */; };
		7037B6431AAC29F6007FE6AF /* MobileCoreServices.framework in Frameworks */ = {isa = PBXBuildFile; fileRef = 6EA4A6811A7ABF8000B625ED /* MobileCoreServices.framework */; };
		7037B6441AAC2A01007FE6AF /* CoreLocation.framework in Frameworks */ = {isa = PBXBuildFile; fileRef = 6EA4A67F1A7ABF7600B625ED /* CoreLocation.framework */; };
		7037B6451AAC2A05007FE6AF /* CoreGraphics.framework in Frameworks */ = {isa = PBXBuildFile; fileRef = 6EA4A67D1A7ABF6700B625ED /* CoreGraphics.framework */; };
		7037B6461AAC2A08007FE6AF /* CFNetwork.framework in Frameworks */ = {isa = PBXBuildFile; fileRef = 6EA4A67B1A7ABF4D00B625ED /* CFNetwork.framework */; };
		7037B6471AAC2A0B007FE6AF /* AudioToolbox.framework in Frameworks */ = {isa = PBXBuildFile; fileRef = 6EA4A6791A7ABF2E00B625ED /* AudioToolbox.framework */; };
		7050DDB91AABBFD0002C4E45 /* ParseEvents.swift in Sources */ = {isa = PBXBuildFile; fileRef = 7050DDB81AABBFD0002C4E45 /* ParseEvents.swift */; };
		7050DDBB1AABBFE2002C4E45 /* ParseLocations.swift in Sources */ = {isa = PBXBuildFile; fileRef = 7050DDBA1AABBFE2002C4E45 /* ParseLocations.swift */; };
		7050DDBD1AABBFF1002C4E45 /* ParseScore.swift in Sources */ = {isa = PBXBuildFile; fileRef = 7050DDBC1AABBFF1002C4E45 /* ParseScore.swift */; };
		7050DDBF1AABBFF8002C4E45 /* ParseUser.swift in Sources */ = {isa = PBXBuildFile; fileRef = 7050DDBE1AABBFF8002C4E45 /* ParseUser.swift */; };
		7062A8A71AAD7B68003A0628 /* Utils.swift in Sources */ = {isa = PBXBuildFile; fileRef = 7062A8A61AAD7B68003A0628 /* Utils.swift */; };
		7062A8A81AAD7B7E003A0628 /* Utils.swift in Sources */ = {isa = PBXBuildFile; fileRef = 7062A8A61AAD7B68003A0628 /* Utils.swift */; };
		70B8D2D21AAD03C900244435 /* ParseEvents.swift in Sources */ = {isa = PBXBuildFile; fileRef = 7050DDB81AABBFD0002C4E45 /* ParseEvents.swift */; };
		70B8D2D31AAD03CC00244435 /* ParseLocations.swift in Sources */ = {isa = PBXBuildFile; fileRef = 7050DDBA1AABBFE2002C4E45 /* ParseLocations.swift */; };
		70B8D2D51AAD03D000244435 /* ParseScore.swift in Sources */ = {isa = PBXBuildFile; fileRef = 7050DDBC1AABBFF1002C4E45 /* ParseScore.swift */; };
		70B8D2D61AAD03D300244435 /* ParseUser.swift in Sources */ = {isa = PBXBuildFile; fileRef = 7050DDBE1AABBFF8002C4E45 /* ParseUser.swift */; };
		70E22B5D1AAB9A31000597F9 /* Crashlytics.framework in Frameworks */ = {isa = PBXBuildFile; fileRef = 70E22B5B1AAB9A31000597F9 /* Crashlytics.framework */; };
		70E22B5E1AAB9A31000597F9 /* Fabric.framework in Frameworks */ = {isa = PBXBuildFile; fileRef = 70E22B5C1AAB9A31000597F9 /* Fabric.framework */; };
		8A3499611A75871E001B5A28 /* ViewController.swift in Sources */ = {isa = PBXBuildFile; fileRef = 8A3499601A75871E001B5A28 /* ViewController.swift */; };
		8A3499641A75871E001B5A28 /* Main.storyboard in Resources */ = {isa = PBXBuildFile; fileRef = 8A3499621A75871E001B5A28 /* Main.storyboard */; };
		8A3499691A75871E001B5A28 /* LaunchScreen.xib in Resources */ = {isa = PBXBuildFile; fileRef = 8A3499671A75871E001B5A28 /* LaunchScreen.xib */; };
		8A3499751A75871E001B5A28 /* CamptivityTests.swift in Sources */ = {isa = PBXBuildFile; fileRef = 8A3499741A75871E001B5A28 /* CamptivityTests.swift */; };
		8A3499811A782048001B5A28 /* map-25.png in Resources */ = {isa = PBXBuildFile; fileRef = 8A3499801A782048001B5A28 /* map-25.png */; };
		8A3499831A7820A7001B5A28 /* group-25.png in Resources */ = {isa = PBXBuildFile; fileRef = 8A3499821A7820A7001B5A28 /* group-25.png */; };
		8A3499851A782269001B5A28 /* location-25.png in Resources */ = {isa = PBXBuildFile; fileRef = 8A3499841A782269001B5A28 /* location-25.png */; };
		8A3A75A71AA25746006A1EB8 /* FeedTableViewCell.swift in Sources */ = {isa = PBXBuildFile; fileRef = 8A3A75A61AA25746006A1EB8 /* FeedTableViewCell.swift */; };
		8A5834291AA648DF005A6577 /* EventViewController.swift in Sources */ = {isa = PBXBuildFile; fileRef = 8A5834281AA648DF005A6577 /* EventViewController.swift */; };
		8A5E61F41A9FB5A600E418ED /* FUIAlertView.m in Sources */ = {isa = PBXBuildFile; fileRef = 8A5E61CD1A9FB5A600E418ED /* FUIAlertView.m */; };
		8A5E61F51A9FB5A600E418ED /* FUIButton.m in Sources */ = {isa = PBXBuildFile; fileRef = 8A5E61CF1A9FB5A600E418ED /* FUIButton.m */; };
		8A5E61F61A9FB5A600E418ED /* FUICellBackgroundView.m in Sources */ = {isa = PBXBuildFile; fileRef = 8A5E61D11A9FB5A600E418ED /* FUICellBackgroundView.m */; };
		8A5E61F71A9FB5A600E418ED /* FUIPopoverBackgroundView.m in Sources */ = {isa = PBXBuildFile; fileRef = 8A5E61D31A9FB5A600E418ED /* FUIPopoverBackgroundView.m */; };
		8A5E61F81A9FB5A600E418ED /* FUISegmentedControl.m in Sources */ = {isa = PBXBuildFile; fileRef = 8A5E61D51A9FB5A600E418ED /* FUISegmentedControl.m */; };
		8A5E61F91A9FB5A600E418ED /* FUISwitch.m in Sources */ = {isa = PBXBuildFile; fileRef = 8A5E61D71A9FB5A600E418ED /* FUISwitch.m */; };
		8A5E61FA1A9FB5A600E418ED /* FUITextField.m in Sources */ = {isa = PBXBuildFile; fileRef = 8A5E61D91A9FB5A600E418ED /* FUITextField.m */; };
		8A5E61FB1A9FB5A600E418ED /* NSString+Icons.m in Sources */ = {isa = PBXBuildFile; fileRef = 8A5E61DB1A9FB5A600E418ED /* NSString+Icons.m */; };
		8A5E61FC1A9FB5A600E418ED /* UIBarButtonItem+FlatUI.m in Sources */ = {isa = PBXBuildFile; fileRef = 8A5E61DD1A9FB5A600E418ED /* UIBarButtonItem+FlatUI.m */; };
		8A5E61FD1A9FB5A600E418ED /* UIColor+FlatUI.m in Sources */ = {isa = PBXBuildFile; fileRef = 8A5E61DF1A9FB5A600E418ED /* UIColor+FlatUI.m */; };
		8A5E61FE1A9FB5A600E418ED /* UIFont+FlatUI.m in Sources */ = {isa = PBXBuildFile; fileRef = 8A5E61E11A9FB5A600E418ED /* UIFont+FlatUI.m */; };
		8A5E61FF1A9FB5A600E418ED /* UIImage+FlatUI.m in Sources */ = {isa = PBXBuildFile; fileRef = 8A5E61E31A9FB5A600E418ED /* UIImage+FlatUI.m */; };
		8A5E62001A9FB5A600E418ED /* UINavigationBar+FlatUI.m in Sources */ = {isa = PBXBuildFile; fileRef = 8A5E61E51A9FB5A600E418ED /* UINavigationBar+FlatUI.m */; };
		8A5E62011A9FB5A600E418ED /* UIPopoverController+FlatUI.m in Sources */ = {isa = PBXBuildFile; fileRef = 8A5E61E71A9FB5A600E418ED /* UIPopoverController+FlatUI.m */; };
		8A5E62021A9FB5A600E418ED /* UIProgressView+FlatUI.m in Sources */ = {isa = PBXBuildFile; fileRef = 8A5E61E91A9FB5A600E418ED /* UIProgressView+FlatUI.m */; };
		8A5E62031A9FB5A600E418ED /* UISlider+FlatUI.m in Sources */ = {isa = PBXBuildFile; fileRef = 8A5E61EB1A9FB5A600E418ED /* UISlider+FlatUI.m */; };
		8A5E62041A9FB5A600E418ED /* UIStepper+FlatUI.m in Sources */ = {isa = PBXBuildFile; fileRef = 8A5E61ED1A9FB5A600E418ED /* UIStepper+FlatUI.m */; };
		8A5E62051A9FB5A600E418ED /* UITabBar+FlatUI.m in Sources */ = {isa = PBXBuildFile; fileRef = 8A5E61EF1A9FB5A600E418ED /* UITabBar+FlatUI.m */; };
		8A5E62061A9FB5A600E418ED /* UITableViewCell+FlatUI.m in Sources */ = {isa = PBXBuildFile; fileRef = 8A5E61F11A9FB5A600E418ED /* UITableViewCell+FlatUI.m */; };
		8A5E62071A9FB5A600E418ED /* UIToolbar+FlatUI.m in Sources */ = {isa = PBXBuildFile; fileRef = 8A5E61F31A9FB5A600E418ED /* UIToolbar+FlatUI.m */; };
		8A7A3F0C1AA3BF7F00854B8F /* UCSD_Logo.png in Resources */ = {isa = PBXBuildFile; fileRef = 8A7A3F0B1AA3BF7F00854B8F /* UCSD_Logo.png */; };
		8ABDB9DD1A92E29C00A0D6CB /* FeedTableViewController.swift in Sources */ = {isa = PBXBuildFile; fileRef = 8ABDB9DC1A92E29C00A0D6CB /* FeedTableViewController.swift */; };
/* End PBXBuildFile section */

/* Begin PBXContainerItemProxy section */
		8A34996F1A75871E001B5A28 /* PBXContainerItemProxy */ = {
			isa = PBXContainerItemProxy;
			containerPortal = 8A3499511A75871E001B5A28 /* Project object */;
			proxyType = 1;
			remoteGlobalIDString = 8A3499581A75871E001B5A28;
			remoteInfo = Camptivity;
		};
/* End PBXContainerItemProxy section */

/* Begin PBXFileReference section */
		130B67B21AAD1F5D000C0988 /* MBProgressHUD.h */ = {isa = PBXFileReference; fileEncoding = 4; lastKnownFileType = sourcecode.c.h; path = MBProgressHUD.h; sourceTree = "<group>"; };
		130B67B31AAD1F5D000C0988 /* MBProgressHUD.m */ = {isa = PBXFileReference; fileEncoding = 4; lastKnownFileType = sourcecode.c.objc; path = MBProgressHUD.m; sourceTree = "<group>"; };
		13636FE01A816B8100CF1613 /* Social.framework */ = {isa = PBXFileReference; lastKnownFileType = wrapper.framework; name = Social.framework; path = System/Library/Frameworks/Social.framework; sourceTree = SDKROOT; };
		13636FE21A816B8600CF1613 /* Accounts.framework */ = {isa = PBXFileReference; lastKnownFileType = wrapper.framework; name = Accounts.framework; path = System/Library/Frameworks/Accounts.framework; sourceTree = SDKROOT; };
		136439001A816DF9005AE6F0 /* libstdc++.6.dylib */ = {isa = PBXFileReference; lastKnownFileType = "compiled.mach-o.dylib"; name = "libstdc++.6.dylib"; path = "usr/lib/libstdc++.6.dylib"; sourceTree = SDKROOT; };
		139B901D1AA7E5F5006255F4 /* FloatRatingView.swift */ = {isa = PBXFileReference; fileEncoding = 4; lastKnownFileType = sourcecode.swift; path = FloatRatingView.swift; sourceTree = "<group>"; };
		13C1E8231AA2F80C008A2E60 /* NewEventViewController.swift */ = {isa = PBXFileReference; fileEncoding = 4; lastKnownFileType = sourcecode.swift; path = NewEventViewController.swift; sourceTree = "<group>"; };
		13CE1DCE1A81576B00957EB9 /* Parse.framework */ = {isa = PBXFileReference; lastKnownFileType = wrapper.framework; path = Parse.framework; sourceTree = "<group>"; };
		13CE1DD11A81577800957EB9 /* GoogleMaps.bundle */ = {isa = PBXFileReference; lastKnownFileType = "wrapper.plug-in"; name = GoogleMaps.bundle; path = GoogleMaps.framework/Versions/A/Resources/GoogleMaps.bundle; sourceTree = "<group>"; };
		13CE1DD31A81581700957EB9 /* OpenGLES.framework */ = {isa = PBXFileReference; lastKnownFileType = wrapper.framework; name = OpenGLES.framework; path = System/Library/Frameworks/OpenGLES.framework; sourceTree = SDKROOT; };
		13CE1DD51A8159D300957EB9 /* libicucore.dylib */ = {isa = PBXFileReference; lastKnownFileType = "compiled.mach-o.dylib"; name = libicucore.dylib; path = usr/lib/libicucore.dylib; sourceTree = SDKROOT; };
		13CE1DD71A8159EB00957EB9 /* libc++.dylib */ = {isa = PBXFileReference; lastKnownFileType = "compiled.mach-o.dylib"; name = "libc++.dylib"; path = "usr/lib/libc++.dylib"; sourceTree = SDKROOT; };
		13CE1DD91A8159F500957EB9 /* ImageIO.framework */ = {isa = PBXFileReference; lastKnownFileType = wrapper.framework; name = ImageIO.framework; path = System/Library/Frameworks/ImageIO.framework; sourceTree = SDKROOT; };
		13CE1DDB1A815A0100957EB9 /* GLKit.framework */ = {isa = PBXFileReference; lastKnownFileType = wrapper.framework; name = GLKit.framework; path = System/Library/Frameworks/GLKit.framework; sourceTree = SDKROOT; };
		13CE1DDD1A815A0A00957EB9 /* CoreText.framework */ = {isa = PBXFileReference; lastKnownFileType = wrapper.framework; name = CoreText.framework; path = System/Library/Frameworks/CoreText.framework; sourceTree = SDKROOT; };
		13CE1DDF1A815A2100957EB9 /* CoreData.framework */ = {isa = PBXFileReference; lastKnownFileType = wrapper.framework; name = CoreData.framework; path = System/Library/Frameworks/CoreData.framework; sourceTree = SDKROOT; };
		13CE1DE11A815A2900957EB9 /* AVFoundation.framework */ = {isa = PBXFileReference; lastKnownFileType = wrapper.framework; name = AVFoundation.framework; path = System/Library/Frameworks/AVFoundation.framework; sourceTree = SDKROOT; };
		13CE1DEA1A815B0400957EB9 /* MarkerInfoView.swift */ = {isa = PBXFileReference; fileEncoding = 4; lastKnownFileType = sourcecode.swift; path = MarkerInfoView.swift; sourceTree = "<group>"; };
		13CE1DEB1A815B0400957EB9 /* MarkerInfoView.xib */ = {isa = PBXFileReference; fileEncoding = 4; lastKnownFileType = file.xib; path = MarkerInfoView.xib; sourceTree = "<group>"; };
		13CE1DEC1A815B0400957EB9 /* UIViewExtension.swift */ = {isa = PBXFileReference; fileEncoding = 4; lastKnownFileType = sourcecode.swift; path = UIViewExtension.swift; sourceTree = "<group>"; };
		13CE1DF61A815DD200957EB9 /* Images.xcassets */ = {isa = PBXFileReference; lastKnownFileType = folder.assetcatalog; path = Images.xcassets; sourceTree = "<group>"; };
		13CFE2B61A8DD11700F64DDC /* ParseDataProvider.swift */ = {isa = PBXFileReference; fileEncoding = 4; lastKnownFileType = sourcecode.swift; path = ParseDataProvider.swift; sourceTree = "<group>"; };
		13CFE2B81A8DD12C00F64DDC /* MapViewController.swift */ = {isa = PBXFileReference; fileEncoding = 4; lastKnownFileType = sourcecode.swift; path = MapViewController.swift; sourceTree = "<group>"; };
		13CFE2B91A8DD12C00F64DDC /* TypesTableViewController.swift */ = {isa = PBXFileReference; fileEncoding = 4; lastKnownFileType = sourcecode.swift; path = TypesTableViewController.swift; sourceTree = "<group>"; };
		13CFE2BC1A8DD17F00F64DDC /* AppDelegate.swift */ = {isa = PBXFileReference; fileEncoding = 4; lastKnownFileType = sourcecode.swift; path = AppDelegate.swift; sourceTree = "<group>"; };
		13CFE2BE1A8DD27700F64DDC /* GoogleMaps.framework */ = {isa = PBXFileReference; lastKnownFileType = wrapper.framework; path = GoogleMaps.framework; sourceTree = "<group>"; };
		6E12567C1AAEE39E005818BB /* Power_Button.png */ = {isa = PBXFileReference; lastKnownFileType = image.png; path = Power_Button.png; sourceTree = "<group>"; };
		6E14EB851AAAB09900FD1F4D /* LogInViewController.swift */ = {isa = PBXFileReference; fileEncoding = 4; lastKnownFileType = sourcecode.swift; path = LogInViewController.swift; sourceTree = "<group>"; };
		6EA4A6791A7ABF2E00B625ED /* AudioToolbox.framework */ = {isa = PBXFileReference; lastKnownFileType = wrapper.framework; name = AudioToolbox.framework; path = System/Library/Frameworks/AudioToolbox.framework; sourceTree = SDKROOT; };
		6EA4A67B1A7ABF4D00B625ED /* CFNetwork.framework */ = {isa = PBXFileReference; lastKnownFileType = wrapper.framework; name = CFNetwork.framework; path = System/Library/Frameworks/CFNetwork.framework; sourceTree = SDKROOT; };
		6EA4A67D1A7ABF6700B625ED /* CoreGraphics.framework */ = {isa = PBXFileReference; lastKnownFileType = wrapper.framework; name = CoreGraphics.framework; path = System/Library/Frameworks/CoreGraphics.framework; sourceTree = SDKROOT; };
		6EA4A67F1A7ABF7600B625ED /* CoreLocation.framework */ = {isa = PBXFileReference; lastKnownFileType = wrapper.framework; name = CoreLocation.framework; path = System/Library/Frameworks/CoreLocation.framework; sourceTree = SDKROOT; };
		6EA4A6811A7ABF8000B625ED /* MobileCoreServices.framework */ = {isa = PBXFileReference; lastKnownFileType = wrapper.framework; name = MobileCoreServices.framework; path = System/Library/Frameworks/MobileCoreServices.framework; sourceTree = SDKROOT; };
		6EA4A6831A7ABF8A00B625ED /* QuartzCore.framework */ = {isa = PBXFileReference; lastKnownFileType = wrapper.framework; name = QuartzCore.framework; path = System/Library/Frameworks/QuartzCore.framework; sourceTree = SDKROOT; };
		6EA4A6851A7ABF9400B625ED /* Security.framework */ = {isa = PBXFileReference; lastKnownFileType = wrapper.framework; name = Security.framework; path = System/Library/Frameworks/Security.framework; sourceTree = SDKROOT; };
		6EA4A6871A7ABF9D00B625ED /* StoreKit.framework */ = {isa = PBXFileReference; lastKnownFileType = wrapper.framework; name = StoreKit.framework; path = System/Library/Frameworks/StoreKit.framework; sourceTree = SDKROOT; };
		6EA4A6891A7ABFA600B625ED /* SystemConfiguration.framework */ = {isa = PBXFileReference; lastKnownFileType = wrapper.framework; name = SystemConfiguration.framework; path = System/Library/Frameworks/SystemConfiguration.framework; sourceTree = SDKROOT; };
		6EA4A68B1A7ABFAD00B625ED /* libz.dylib */ = {isa = PBXFileReference; lastKnownFileType = "compiled.mach-o.dylib"; name = libz.dylib; path = usr/lib/libz.dylib; sourceTree = SDKROOT; };
		6EA4A68D1A7ABFB600B625ED /* libsqlite3.dylib */ = {isa = PBXFileReference; lastKnownFileType = "compiled.mach-o.dylib"; name = libsqlite3.dylib; path = usr/lib/libsqlite3.dylib; sourceTree = SDKROOT; };
		6EA4A6911A7AC4B400B625ED /* FacebookSDK.framework */ = {isa = PBXFileReference; lastKnownFileType = wrapper.framework; path = FacebookSDK.framework; sourceTree = "<group>"; };
		6EA4A6A31A7DAD2400B625ED /* Camptivity-Bridging-Header.h */ = {isa = PBXFileReference; fileEncoding = 4; lastKnownFileType = sourcecode.c.h; path = "Camptivity-Bridging-Header.h"; sourceTree = "<group>"; };
		6EA4A6A41A7DB61F00B625ED /* ParseCrashReporting.framework */ = {isa = PBXFileReference; lastKnownFileType = wrapper.framework; path = ParseCrashReporting.framework; sourceTree = "<group>"; };
		6EA4A6A51A7DB61F00B625ED /* ParseFacebookUtils.framework */ = {isa = PBXFileReference; lastKnownFileType = wrapper.framework; path = ParseFacebookUtils.framework; sourceTree = "<group>"; };
		6EC8FF881AAD3AA20084DFFD /* ParseUI.framework */ = {isa = PBXFileReference; lastKnownFileType = wrapper.framework; path = ParseUI.framework; sourceTree = "<group>"; };
		6EC8FF8A1AAD3AFC0084DFFD /* Camp_Logo.png */ = {isa = PBXFileReference; lastKnownFileType = image.png; path = Camp_Logo.png; sourceTree = "<group>"; };
		6EE7A9C81AA64C9E00699978 /* SignUpViewController.swift */ = {isa = PBXFileReference; fileEncoding = 4; lastKnownFileType = sourcecode.swift; path = SignUpViewController.swift; sourceTree = "<group>"; };
		7050DDB81AABBFD0002C4E45 /* ParseEvents.swift */ = {isa = PBXFileReference; fileEncoding = 4; lastKnownFileType = sourcecode.swift; path = ParseEvents.swift; sourceTree = "<group>"; };
		7050DDBA1AABBFE2002C4E45 /* ParseLocations.swift */ = {isa = PBXFileReference; fileEncoding = 4; lastKnownFileType = sourcecode.swift; path = ParseLocations.swift; sourceTree = "<group>"; };
		7050DDBC1AABBFF1002C4E45 /* ParseScore.swift */ = {isa = PBXFileReference; fileEncoding = 4; lastKnownFileType = sourcecode.swift; path = ParseScore.swift; sourceTree = "<group>"; };
		7050DDBE1AABBFF8002C4E45 /* ParseUser.swift */ = {isa = PBXFileReference; fileEncoding = 4; lastKnownFileType = sourcecode.swift; path = ParseUser.swift; sourceTree = "<group>"; };
		7062A8A61AAD7B68003A0628 /* Utils.swift */ = {isa = PBXFileReference; fileEncoding = 4; lastKnownFileType = sourcecode.swift; path = Utils.swift; sourceTree = "<group>"; };
		70E22B5B1AAB9A31000597F9 /* Crashlytics.framework */ = {isa = PBXFileReference; lastKnownFileType = wrapper.framework; path = Crashlytics.framework; sourceTree = "<group>"; };
		70E22B5C1AAB9A31000597F9 /* Fabric.framework */ = {isa = PBXFileReference; lastKnownFileType = wrapper.framework; path = Fabric.framework; sourceTree = "<group>"; };
		8A3499591A75871E001B5A28 /* Camptivity.app */ = {isa = PBXFileReference; explicitFileType = wrapper.application; includeInIndex = 0; path = Camptivity.app; sourceTree = BUILT_PRODUCTS_DIR; };
		8A34995D1A75871E001B5A28 /* Info.plist */ = {isa = PBXFileReference; lastKnownFileType = text.plist.xml; path = Info.plist; sourceTree = "<group>"; };
		8A3499601A75871E001B5A28 /* ViewController.swift */ = {isa = PBXFileReference; lastKnownFileType = sourcecode.swift; path = ViewController.swift; sourceTree = "<group>"; };
		8A3499631A75871E001B5A28 /* Base */ = {isa = PBXFileReference; lastKnownFileType = file.storyboard; name = Base; path = Base.lproj/Main.storyboard; sourceTree = "<group>"; };
		8A3499681A75871E001B5A28 /* Base */ = {isa = PBXFileReference; lastKnownFileType = file.xib; name = Base; path = Base.lproj/LaunchScreen.xib; sourceTree = "<group>"; };
		8A34996E1A75871E001B5A28 /* CamptivityTests.xctest */ = {isa = PBXFileReference; explicitFileType = wrapper.cfbundle; includeInIndex = 0; path = CamptivityTests.xctest; sourceTree = BUILT_PRODUCTS_DIR; };
		8A3499731A75871E001B5A28 /* Info.plist */ = {isa = PBXFileReference; lastKnownFileType = text.plist.xml; path = Info.plist; sourceTree = "<group>"; };
		8A3499741A75871E001B5A28 /* CamptivityTests.swift */ = {isa = PBXFileReference; lastKnownFileType = sourcecode.swift; path = CamptivityTests.swift; sourceTree = "<group>"; };
		8A3499801A782048001B5A28 /* map-25.png */ = {isa = PBXFileReference; lastKnownFileType = image.png; path = "map-25.png"; sourceTree = "<group>"; };
		8A3499821A7820A7001B5A28 /* group-25.png */ = {isa = PBXFileReference; lastKnownFileType = image.png; path = "group-25.png"; sourceTree = "<group>"; };
		8A3499841A782269001B5A28 /* location-25.png */ = {isa = PBXFileReference; lastKnownFileType = image.png; path = "location-25.png"; sourceTree = "<group>"; };
		8A3A75A61AA25746006A1EB8 /* FeedTableViewCell.swift */ = {isa = PBXFileReference; fileEncoding = 4; lastKnownFileType = sourcecode.swift; path = FeedTableViewCell.swift; sourceTree = "<group>"; };
		8A5834281AA648DF005A6577 /* EventViewController.swift */ = {isa = PBXFileReference; fileEncoding = 4; lastKnownFileType = sourcecode.swift; path = EventViewController.swift; sourceTree = "<group>"; };
		8A5E61CB1A9FB5A600E418ED /* FlatUIKit.h */ = {isa = PBXFileReference; fileEncoding = 4; lastKnownFileType = sourcecode.c.h; path = FlatUIKit.h; sourceTree = "<group>"; };
		8A5E61CC1A9FB5A600E418ED /* FUIAlertView.h */ = {isa = PBXFileReference; fileEncoding = 4; lastKnownFileType = sourcecode.c.h; path = FUIAlertView.h; sourceTree = "<group>"; };
		8A5E61CD1A9FB5A600E418ED /* FUIAlertView.m */ = {isa = PBXFileReference; fileEncoding = 4; lastKnownFileType = sourcecode.c.objc; path = FUIAlertView.m; sourceTree = "<group>"; };
		8A5E61CE1A9FB5A600E418ED /* FUIButton.h */ = {isa = PBXFileReference; fileEncoding = 4; lastKnownFileType = sourcecode.c.h; path = FUIButton.h; sourceTree = "<group>"; };
		8A5E61CF1A9FB5A600E418ED /* FUIButton.m */ = {isa = PBXFileReference; fileEncoding = 4; lastKnownFileType = sourcecode.c.objc; path = FUIButton.m; sourceTree = "<group>"; };
		8A5E61D01A9FB5A600E418ED /* FUICellBackgroundView.h */ = {isa = PBXFileReference; fileEncoding = 4; lastKnownFileType = sourcecode.c.h; path = FUICellBackgroundView.h; sourceTree = "<group>"; };
		8A5E61D11A9FB5A600E418ED /* FUICellBackgroundView.m */ = {isa = PBXFileReference; fileEncoding = 4; lastKnownFileType = sourcecode.c.objc; path = FUICellBackgroundView.m; sourceTree = "<group>"; };
		8A5E61D21A9FB5A600E418ED /* FUIPopoverBackgroundView.h */ = {isa = PBXFileReference; fileEncoding = 4; lastKnownFileType = sourcecode.c.h; path = FUIPopoverBackgroundView.h; sourceTree = "<group>"; };
		8A5E61D31A9FB5A600E418ED /* FUIPopoverBackgroundView.m */ = {isa = PBXFileReference; fileEncoding = 4; lastKnownFileType = sourcecode.c.objc; path = FUIPopoverBackgroundView.m; sourceTree = "<group>"; };
		8A5E61D41A9FB5A600E418ED /* FUISegmentedControl.h */ = {isa = PBXFileReference; fileEncoding = 4; lastKnownFileType = sourcecode.c.h; path = FUISegmentedControl.h; sourceTree = "<group>"; };
		8A5E61D51A9FB5A600E418ED /* FUISegmentedControl.m */ = {isa = PBXFileReference; fileEncoding = 4; lastKnownFileType = sourcecode.c.objc; path = FUISegmentedControl.m; sourceTree = "<group>"; };
		8A5E61D61A9FB5A600E418ED /* FUISwitch.h */ = {isa = PBXFileReference; fileEncoding = 4; lastKnownFileType = sourcecode.c.h; path = FUISwitch.h; sourceTree = "<group>"; };
		8A5E61D71A9FB5A600E418ED /* FUISwitch.m */ = {isa = PBXFileReference; fileEncoding = 4; lastKnownFileType = sourcecode.c.objc; path = FUISwitch.m; sourceTree = "<group>"; };
		8A5E61D81A9FB5A600E418ED /* FUITextField.h */ = {isa = PBXFileReference; fileEncoding = 4; lastKnownFileType = sourcecode.c.h; path = FUITextField.h; sourceTree = "<group>"; };
		8A5E61D91A9FB5A600E418ED /* FUITextField.m */ = {isa = PBXFileReference; fileEncoding = 4; lastKnownFileType = sourcecode.c.objc; path = FUITextField.m; sourceTree = "<group>"; };
		8A5E61DA1A9FB5A600E418ED /* NSString+Icons.h */ = {isa = PBXFileReference; fileEncoding = 4; lastKnownFileType = sourcecode.c.h; path = "NSString+Icons.h"; sourceTree = "<group>"; };
		8A5E61DB1A9FB5A600E418ED /* NSString+Icons.m */ = {isa = PBXFileReference; fileEncoding = 4; lastKnownFileType = sourcecode.c.objc; path = "NSString+Icons.m"; sourceTree = "<group>"; };
		8A5E61DC1A9FB5A600E418ED /* UIBarButtonItem+FlatUI.h */ = {isa = PBXFileReference; fileEncoding = 4; lastKnownFileType = sourcecode.c.h; path = "UIBarButtonItem+FlatUI.h"; sourceTree = "<group>"; };
		8A5E61DD1A9FB5A600E418ED /* UIBarButtonItem+FlatUI.m */ = {isa = PBXFileReference; fileEncoding = 4; lastKnownFileType = sourcecode.c.objc; path = "UIBarButtonItem+FlatUI.m"; sourceTree = "<group>"; };
		8A5E61DE1A9FB5A600E418ED /* UIColor+FlatUI.h */ = {isa = PBXFileReference; fileEncoding = 4; lastKnownFileType = sourcecode.c.h; path = "UIColor+FlatUI.h"; sourceTree = "<group>"; };
		8A5E61DF1A9FB5A600E418ED /* UIColor+FlatUI.m */ = {isa = PBXFileReference; fileEncoding = 4; lastKnownFileType = sourcecode.c.objc; path = "UIColor+FlatUI.m"; sourceTree = "<group>"; };
		8A5E61E01A9FB5A600E418ED /* UIFont+FlatUI.h */ = {isa = PBXFileReference; fileEncoding = 4; lastKnownFileType = sourcecode.c.h; path = "UIFont+FlatUI.h"; sourceTree = "<group>"; };
		8A5E61E11A9FB5A600E418ED /* UIFont+FlatUI.m */ = {isa = PBXFileReference; fileEncoding = 4; lastKnownFileType = sourcecode.c.objc; path = "UIFont+FlatUI.m"; sourceTree = "<group>"; };
		8A5E61E21A9FB5A600E418ED /* UIImage+FlatUI.h */ = {isa = PBXFileReference; fileEncoding = 4; lastKnownFileType = sourcecode.c.h; path = "UIImage+FlatUI.h"; sourceTree = "<group>"; };
		8A5E61E31A9FB5A600E418ED /* UIImage+FlatUI.m */ = {isa = PBXFileReference; fileEncoding = 4; lastKnownFileType = sourcecode.c.objc; path = "UIImage+FlatUI.m"; sourceTree = "<group>"; };
		8A5E61E41A9FB5A600E418ED /* UINavigationBar+FlatUI.h */ = {isa = PBXFileReference; fileEncoding = 4; lastKnownFileType = sourcecode.c.h; path = "UINavigationBar+FlatUI.h"; sourceTree = "<group>"; };
		8A5E61E51A9FB5A600E418ED /* UINavigationBar+FlatUI.m */ = {isa = PBXFileReference; fileEncoding = 4; lastKnownFileType = sourcecode.c.objc; path = "UINavigationBar+FlatUI.m"; sourceTree = "<group>"; };
		8A5E61E61A9FB5A600E418ED /* UIPopoverController+FlatUI.h */ = {isa = PBXFileReference; fileEncoding = 4; lastKnownFileType = sourcecode.c.h; path = "UIPopoverController+FlatUI.h"; sourceTree = "<group>"; };
		8A5E61E71A9FB5A600E418ED /* UIPopoverController+FlatUI.m */ = {isa = PBXFileReference; fileEncoding = 4; lastKnownFileType = sourcecode.c.objc; path = "UIPopoverController+FlatUI.m"; sourceTree = "<group>"; };
		8A5E61E81A9FB5A600E418ED /* UIProgressView+FlatUI.h */ = {isa = PBXFileReference; fileEncoding = 4; lastKnownFileType = sourcecode.c.h; path = "UIProgressView+FlatUI.h"; sourceTree = "<group>"; };
		8A5E61E91A9FB5A600E418ED /* UIProgressView+FlatUI.m */ = {isa = PBXFileReference; fileEncoding = 4; lastKnownFileType = sourcecode.c.objc; path = "UIProgressView+FlatUI.m"; sourceTree = "<group>"; };
		8A5E61EA1A9FB5A600E418ED /* UISlider+FlatUI.h */ = {isa = PBXFileReference; fileEncoding = 4; lastKnownFileType = sourcecode.c.h; path = "UISlider+FlatUI.h"; sourceTree = "<group>"; };
		8A5E61EB1A9FB5A600E418ED /* UISlider+FlatUI.m */ = {isa = PBXFileReference; fileEncoding = 4; lastKnownFileType = sourcecode.c.objc; path = "UISlider+FlatUI.m"; sourceTree = "<group>"; };
		8A5E61EC1A9FB5A600E418ED /* UIStepper+FlatUI.h */ = {isa = PBXFileReference; fileEncoding = 4; lastKnownFileType = sourcecode.c.h; path = "UIStepper+FlatUI.h"; sourceTree = "<group>"; };
		8A5E61ED1A9FB5A600E418ED /* UIStepper+FlatUI.m */ = {isa = PBXFileReference; fileEncoding = 4; lastKnownFileType = sourcecode.c.objc; path = "UIStepper+FlatUI.m"; sourceTree = "<group>"; };
		8A5E61EE1A9FB5A600E418ED /* UITabBar+FlatUI.h */ = {isa = PBXFileReference; fileEncoding = 4; lastKnownFileType = sourcecode.c.h; path = "UITabBar+FlatUI.h"; sourceTree = "<group>"; };
		8A5E61EF1A9FB5A600E418ED /* UITabBar+FlatUI.m */ = {isa = PBXFileReference; fileEncoding = 4; lastKnownFileType = sourcecode.c.objc; path = "UITabBar+FlatUI.m"; sourceTree = "<group>"; };
		8A5E61F01A9FB5A600E418ED /* UITableViewCell+FlatUI.h */ = {isa = PBXFileReference; fileEncoding = 4; lastKnownFileType = sourcecode.c.h; path = "UITableViewCell+FlatUI.h"; sourceTree = "<group>"; };
		8A5E61F11A9FB5A600E418ED /* UITableViewCell+FlatUI.m */ = {isa = PBXFileReference; fileEncoding = 4; lastKnownFileType = sourcecode.c.objc; path = "UITableViewCell+FlatUI.m"; sourceTree = "<group>"; };
		8A5E61F21A9FB5A600E418ED /* UIToolbar+FlatUI.h */ = {isa = PBXFileReference; fileEncoding = 4; lastKnownFileType = sourcecode.c.h; path = "UIToolbar+FlatUI.h"; sourceTree = "<group>"; };
		8A5E61F31A9FB5A600E418ED /* UIToolbar+FlatUI.m */ = {isa = PBXFileReference; fileEncoding = 4; lastKnownFileType = sourcecode.c.objc; path = "UIToolbar+FlatUI.m"; sourceTree = "<group>"; };
		8A7A3F0B1AA3BF7F00854B8F /* UCSD_Logo.png */ = {isa = PBXFileReference; lastKnownFileType = image.png; path = UCSD_Logo.png; sourceTree = "<group>"; };
		8ABDB9DC1A92E29C00A0D6CB /* FeedTableViewController.swift */ = {isa = PBXFileReference; fileEncoding = 4; lastKnownFileType = sourcecode.swift; path = FeedTableViewController.swift; sourceTree = "<group>"; };
/* End PBXFileReference section */

/* Begin PBXFrameworksBuildPhase section */
		8A3499561A75871E001B5A28 /* Frameworks */ = {
			isa = PBXFrameworksBuildPhase;
			buildActionMask = 2147483647;
			files = (
				136439011A816DF9005AE6F0 /* libstdc++.6.dylib in Frameworks */,
				13636FE31A816B8600CF1613 /* Accounts.framework in Frameworks */,
				13636FE11A816B8100CF1613 /* Social.framework in Frameworks */,
				13CE1DE21A815A2900957EB9 /* AVFoundation.framework in Frameworks */,
				13CE1DE01A815A2100957EB9 /* CoreData.framework in Frameworks */,
				6EA4A6801A7ABF7600B625ED /* CoreLocation.framework in Frameworks */,
				70E22B5D1AAB9A31000597F9 /* Crashlytics.framework in Frameworks */,
				13CE1DDE1A815A0A00957EB9 /* CoreText.framework in Frameworks */,
				13CE1DDC1A815A0100957EB9 /* GLKit.framework in Frameworks */,
				13CE1DDA1A8159F500957EB9 /* ImageIO.framework in Frameworks */,
				13CE1DD81A8159EB00957EB9 /* libc++.dylib in Frameworks */,
				13CE1DD61A8159D300957EB9 /* libicucore.dylib in Frameworks */,
				6EC8FF891AAD3AA20084DFFD /* ParseUI.framework in Frameworks */,
				6EA4A68C1A7ABFAD00B625ED /* libz.dylib in Frameworks */,
				13CE1DD41A81581700957EB9 /* OpenGLES.framework in Frameworks */,
				6EA4A68E1A7ABFB600B625ED /* libsqlite3.dylib in Frameworks */,
				6EA4A6A61A7DB61F00B625ED /* ParseCrashReporting.framework in Frameworks */,
				13CFE2BF1A8DD27700F64DDC /* GoogleMaps.framework in Frameworks */,
				6EA4A68A1A7ABFA600B625ED /* SystemConfiguration.framework in Frameworks */,
				6EA4A6881A7ABF9D00B625ED /* StoreKit.framework in Frameworks */,
				6EA4A6861A7ABF9400B625ED /* Security.framework in Frameworks */,
				13CE1DD01A81576B00957EB9 /* Parse.framework in Frameworks */,
				70E22B5E1AAB9A31000597F9 /* Fabric.framework in Frameworks */,
				6EA4A6841A7ABF8A00B625ED /* QuartzCore.framework in Frameworks */,
				6EA4A6821A7ABF8000B625ED /* MobileCoreServices.framework in Frameworks */,
				6EA4A67E1A7ABF6700B625ED /* CoreGraphics.framework in Frameworks */,
				6EA4A67C1A7ABF4D00B625ED /* CFNetwork.framework in Frameworks */,
				6EA4A67A1A7ABF2E00B625ED /* AudioToolbox.framework in Frameworks */,
				6EA4A6A71A7DB61F00B625ED /* ParseFacebookUtils.framework in Frameworks */,
				6EA4A6921A7AC4B400B625ED /* FacebookSDK.framework in Frameworks */,
			);
			runOnlyForDeploymentPostprocessing = 0;
		};
		8A34996B1A75871E001B5A28 /* Frameworks */ = {
			isa = PBXFrameworksBuildPhase;
			buildActionMask = 2147483647;
			files = (
				7037B62C1AAC29B7007FE6AF /* GoogleMaps.framework in Frameworks */,
				7037B63F1AAC29EB007FE6AF /* SystemConfiguration.framework in Frameworks */,
				7037B6461AAC2A08007FE6AF /* CFNetwork.framework in Frameworks */,
				7037B6441AAC2A01007FE6AF /* CoreLocation.framework in Frameworks */,
				7037B63E1AAC29E9007FE6AF /* libz.dylib in Frameworks */,
				7037B6431AAC29F6007FE6AF /* MobileCoreServices.framework in Frameworks */,
				7037B6311AAC29C6007FE6AF /* CoreData.framework in Frameworks */,
				7037B62A1AAC29B1007FE6AF /* Crashlytics.framework in Frameworks */,
				7037B62D1AAC29BA007FE6AF /* libstdc++.6.dylib in Frameworks */,
				7037B6391AAC29DB007FE6AF /* Parse.framework in Frameworks */,
				7037B63C1AAC29E4007FE6AF /* FacebookSDK.framework in Frameworks */,
				7037B6421AAC29F3007FE6AF /* QuartzCore.framework in Frameworks */,
				7037B63B1AAC29E1007FE6AF /* ParseFacebookUtils.framework in Frameworks */,
				7037B6451AAC2A05007FE6AF /* CoreGraphics.framework in Frameworks */,
				7037B62F1AAC29C1007FE6AF /* Social.framework in Frameworks */,
				7037B6321AAC29C9007FE6AF /* CoreText.framework in Frameworks */,
				7037B62B1AAC29B4007FE6AF /* Fabric.framework in Frameworks */,
				7037B63D1AAC29E6007FE6AF /* libsqlite3.dylib in Frameworks */,
				7037B6371AAC29D6007FE6AF /* OpenGLES.framework in Frameworks */,
				7037B6341AAC29CD007FE6AF /* ImageIO.framework in Frameworks */,
				7037B6301AAC29C3007FE6AF /* AVFoundation.framework in Frameworks */,
				7037B6331AAC29CB007FE6AF /* GLKit.framework in Frameworks */,
				7037B6361AAC29D2007FE6AF /* libicucore.dylib in Frameworks */,
				7037B6471AAC2A0B007FE6AF /* AudioToolbox.framework in Frameworks */,
				7037B6351AAC29D0007FE6AF /* libc++.dylib in Frameworks */,
				7037B62E1AAC29BE007FE6AF /* Accounts.framework in Frameworks */,
				7037B6411AAC29F1007FE6AF /* Security.framework in Frameworks */,
				7037B63A1AAC29DF007FE6AF /* ParseCrashReporting.framework in Frameworks */,
				7037B6401AAC29EE007FE6AF /* StoreKit.framework in Frameworks */,
			);
			runOnlyForDeploymentPostprocessing = 0;
		};
/* End PBXFrameworksBuildPhase section */

/* Begin PBXGroup section */
		130B67B11AAD1F08000C0988 /* Vendors */ = {
			isa = PBXGroup;
			children = (
				130B67B61AAD1F75000C0988 /* MBProgressHUD */,
			);
			name = Vendors;
			sourceTree = "<group>";
		};
		130B67B61AAD1F75000C0988 /* MBProgressHUD */ = {
			isa = PBXGroup;
			children = (
				130B67B21AAD1F5D000C0988 /* MBProgressHUD.h */,
				130B67B31AAD1F5D000C0988 /* MBProgressHUD.m */,
			);
			name = MBProgressHUD;
			sourceTree = "<group>";
		};
		13CE1DE31A815A5300957EB9 /* Controller */ = {
			isa = PBXGroup;
			children = (
				13CFE2B81A8DD12C00F64DDC /* MapViewController.swift */,
				13CFE2B91A8DD12C00F64DDC /* TypesTableViewController.swift */,
				8A3499601A75871E001B5A28 /* ViewController.swift */,
				8ABDB9DC1A92E29C00A0D6CB /* FeedTableViewController.swift */,
				8A3A75A61AA25746006A1EB8 /* FeedTableViewCell.swift */,
				13C1E8231AA2F80C008A2E60 /* NewEventViewController.swift */,
				8A5834281AA648DF005A6577 /* EventViewController.swift */,
				6EE7A9C81AA64C9E00699978 /* SignUpViewController.swift */,
				6E14EB851AAAB09900FD1F4D /* LogInViewController.swift */,
			);
			name = Controller;
			sourceTree = "<group>";
		};
		13CE1DE41A815A6200957EB9 /* View */ = {
			isa = PBXGroup;
			children = (
				139B901D1AA7E5F5006255F4 /* FloatRatingView.swift */,
				13CE1DEA1A815B0400957EB9 /* MarkerInfoView.swift */,
				13CE1DEB1A815B0400957EB9 /* MarkerInfoView.xib */,
				13CE1DEC1A815B0400957EB9 /* UIViewExtension.swift */,
			);
			name = View;
			sourceTree = "<group>";
		};
		13CE1DE51A815A6800957EB9 /* Model */ = {
			isa = PBXGroup;
			children = (
				13CFE2B61A8DD11700F64DDC /* ParseDataProvider.swift */,
				7050DDB81AABBFD0002C4E45 /* ParseEvents.swift */,
				7050DDBA1AABBFE2002C4E45 /* ParseLocations.swift */,
				7050DDBC1AABBFF1002C4E45 /* ParseScore.swift */,
				7050DDBE1AABBFF8002C4E45 /* ParseUser.swift */,
				7062A8A61AAD7B68003A0628 /* Utils.swift */,
			);
			name = Model;
			sourceTree = "<group>";
		};
		6EA4A5311A78254400B625ED /* Frameworks */ = {
			isa = PBXGroup;
			children = (
				6EC8FF881AAD3AA20084DFFD /* ParseUI.framework */,
				70E22B5B1AAB9A31000597F9 /* Crashlytics.framework */,
				70E22B5C1AAB9A31000597F9 /* Fabric.framework */,
				13CFE2BE1A8DD27700F64DDC /* GoogleMaps.framework */,
				136439001A816DF9005AE6F0 /* libstdc++.6.dylib */,
				13636FE21A816B8600CF1613 /* Accounts.framework */,
				13636FE01A816B8100CF1613 /* Social.framework */,
				13CE1DE11A815A2900957EB9 /* AVFoundation.framework */,
				13CE1DDF1A815A2100957EB9 /* CoreData.framework */,
				13CE1DDD1A815A0A00957EB9 /* CoreText.framework */,
				13CE1DDB1A815A0100957EB9 /* GLKit.framework */,
				13CE1DD91A8159F500957EB9 /* ImageIO.framework */,
				13CE1DD71A8159EB00957EB9 /* libc++.dylib */,
				13CE1DD51A8159D300957EB9 /* libicucore.dylib */,
				13CE1DD31A81581700957EB9 /* OpenGLES.framework */,
				13CE1DD11A81577800957EB9 /* GoogleMaps.bundle */,
				13CE1DCE1A81576B00957EB9 /* Parse.framework */,
				6EA4A6A41A7DB61F00B625ED /* ParseCrashReporting.framework */,
				6EA4A6A51A7DB61F00B625ED /* ParseFacebookUtils.framework */,
				6EA4A6911A7AC4B400B625ED /* FacebookSDK.framework */,
				6EA4A68D1A7ABFB600B625ED /* libsqlite3.dylib */,
				6EA4A68B1A7ABFAD00B625ED /* libz.dylib */,
				6EA4A6891A7ABFA600B625ED /* SystemConfiguration.framework */,
				6EA4A6871A7ABF9D00B625ED /* StoreKit.framework */,
				6EA4A6851A7ABF9400B625ED /* Security.framework */,
				6EA4A6831A7ABF8A00B625ED /* QuartzCore.framework */,
				6EA4A6811A7ABF8000B625ED /* MobileCoreServices.framework */,
				6EA4A67F1A7ABF7600B625ED /* CoreLocation.framework */,
				6EA4A67D1A7ABF6700B625ED /* CoreGraphics.framework */,
				6EA4A67B1A7ABF4D00B625ED /* CFNetwork.framework */,
				6EA4A6791A7ABF2E00B625ED /* AudioToolbox.framework */,
			);
			name = Frameworks;
			sourceTree = "<group>";
		};
		8A3499501A75871E001B5A28 = {
			isa = PBXGroup;
			children = (
				8A34995B1A75871E001B5A28 /* Camptivity */,
				8A3499711A75871E001B5A28 /* CamptivityTests */,
				8A34995A1A75871E001B5A28 /* Products */,
				6EA4A5311A78254400B625ED /* Frameworks */,
			);
			sourceTree = "<group>";
		};
		8A34995A1A75871E001B5A28 /* Products */ = {
			isa = PBXGroup;
			children = (
				8A3499591A75871E001B5A28 /* Camptivity.app */,
				8A34996E1A75871E001B5A28 /* CamptivityTests.xctest */,
			);
			name = Products;
			sourceTree = "<group>";
		};
		8A34995B1A75871E001B5A28 /* Camptivity */ = {
			isa = PBXGroup;
			children = (
				130B67B11AAD1F08000C0988 /* Vendors */,
				13CE1DE51A815A6800957EB9 /* Model */,
				13CE1DE41A815A6200957EB9 /* View */,
				13CE1DE31A815A5300957EB9 /* Controller */,
				13CFE2BC1A8DD17F00F64DDC /* AppDelegate.swift */,
				8A3499621A75871E001B5A28 /* Main.storyboard */,
				13CE1DF61A815DD200957EB9 /* Images.xcassets */,
				8A3499671A75871E001B5A28 /* LaunchScreen.xib */,
				8A5E61CA1A9FB5A600E418ED /* FlatUIKit */,
				8A34995C1A75871E001B5A28 /* Supporting Files */,
				6EA4A6A31A7DAD2400B625ED /* Camptivity-Bridging-Header.h */,
			);
			path = Camptivity;
			sourceTree = "<group>";
		};
		8A34995C1A75871E001B5A28 /* Supporting Files */ = {
			isa = PBXGroup;
			children = (
				6E12567C1AAEE39E005818BB /* Power_Button.png */,
				6EC8FF8A1AAD3AFC0084DFFD /* Camp_Logo.png */,
				8A7A3F0B1AA3BF7F00854B8F /* UCSD_Logo.png */,
				8A3499841A782269001B5A28 /* location-25.png */,
				8A3499821A7820A7001B5A28 /* group-25.png */,
				8A3499801A782048001B5A28 /* map-25.png */,
				8A34995D1A75871E001B5A28 /* Info.plist */,
			);
			name = "Supporting Files";
			sourceTree = "<group>";
		};
		8A3499711A75871E001B5A28 /* CamptivityTests */ = {
			isa = PBXGroup;
			children = (
				8A3499741A75871E001B5A28 /* CamptivityTests.swift */,
				8A3499721A75871E001B5A28 /* Supporting Files */,
			);
			path = CamptivityTests;
			sourceTree = "<group>";
		};
		8A3499721A75871E001B5A28 /* Supporting Files */ = {
			isa = PBXGroup;
			children = (
				8A3499731A75871E001B5A28 /* Info.plist */,
			);
			name = "Supporting Files";
			sourceTree = "<group>";
		};
		8A5E61CA1A9FB5A600E418ED /* FlatUIKit */ = {
			isa = PBXGroup;
			children = (
				8A5E61CB1A9FB5A600E418ED /* FlatUIKit.h */,
				8A5E61CC1A9FB5A600E418ED /* FUIAlertView.h */,
				8A5E61CD1A9FB5A600E418ED /* FUIAlertView.m */,
				8A5E61CE1A9FB5A600E418ED /* FUIButton.h */,
				8A5E61CF1A9FB5A600E418ED /* FUIButton.m */,
				8A5E61D01A9FB5A600E418ED /* FUICellBackgroundView.h */,
				8A5E61D11A9FB5A600E418ED /* FUICellBackgroundView.m */,
				8A5E61D21A9FB5A600E418ED /* FUIPopoverBackgroundView.h */,
				8A5E61D31A9FB5A600E418ED /* FUIPopoverBackgroundView.m */,
				8A5E61D41A9FB5A600E418ED /* FUISegmentedControl.h */,
				8A5E61D51A9FB5A600E418ED /* FUISegmentedControl.m */,
				8A5E61D61A9FB5A600E418ED /* FUISwitch.h */,
				8A5E61D71A9FB5A600E418ED /* FUISwitch.m */,
				8A5E61D81A9FB5A600E418ED /* FUITextField.h */,
				8A5E61D91A9FB5A600E418ED /* FUITextField.m */,
				8A5E61DA1A9FB5A600E418ED /* NSString+Icons.h */,
				8A5E61DB1A9FB5A600E418ED /* NSString+Icons.m */,
				8A5E61DC1A9FB5A600E418ED /* UIBarButtonItem+FlatUI.h */,
				8A5E61DD1A9FB5A600E418ED /* UIBarButtonItem+FlatUI.m */,
				8A5E61DE1A9FB5A600E418ED /* UIColor+FlatUI.h */,
				8A5E61DF1A9FB5A600E418ED /* UIColor+FlatUI.m */,
				8A5E61E01A9FB5A600E418ED /* UIFont+FlatUI.h */,
				8A5E61E11A9FB5A600E418ED /* UIFont+FlatUI.m */,
				8A5E61E21A9FB5A600E418ED /* UIImage+FlatUI.h */,
				8A5E61E31A9FB5A600E418ED /* UIImage+FlatUI.m */,
				8A5E61E41A9FB5A600E418ED /* UINavigationBar+FlatUI.h */,
				8A5E61E51A9FB5A600E418ED /* UINavigationBar+FlatUI.m */,
				8A5E61E61A9FB5A600E418ED /* UIPopoverController+FlatUI.h */,
				8A5E61E71A9FB5A600E418ED /* UIPopoverController+FlatUI.m */,
				8A5E61E81A9FB5A600E418ED /* UIProgressView+FlatUI.h */,
				8A5E61E91A9FB5A600E418ED /* UIProgressView+FlatUI.m */,
				8A5E61EA1A9FB5A600E418ED /* UISlider+FlatUI.h */,
				8A5E61EB1A9FB5A600E418ED /* UISlider+FlatUI.m */,
				8A5E61EC1A9FB5A600E418ED /* UIStepper+FlatUI.h */,
				8A5E61ED1A9FB5A600E418ED /* UIStepper+FlatUI.m */,
				8A5E61EE1A9FB5A600E418ED /* UITabBar+FlatUI.h */,
				8A5E61EF1A9FB5A600E418ED /* UITabBar+FlatUI.m */,
				8A5E61F01A9FB5A600E418ED /* UITableViewCell+FlatUI.h */,
				8A5E61F11A9FB5A600E418ED /* UITableViewCell+FlatUI.m */,
				8A5E61F21A9FB5A600E418ED /* UIToolbar+FlatUI.h */,
				8A5E61F31A9FB5A600E418ED /* UIToolbar+FlatUI.m */,
			);
			path = FlatUIKit;
			sourceTree = "<group>";
		};
/* End PBXGroup section */

/* Begin PBXNativeTarget section */
		8A3499581A75871E001B5A28 /* Camptivity */ = {
			isa = PBXNativeTarget;
			buildConfigurationList = 8A3499781A75871E001B5A28 /* Build configuration list for PBXNativeTarget "Camptivity" */;
			buildPhases = (
				8A3499551A75871E001B5A28 /* Sources */,
				8A3499561A75871E001B5A28 /* Frameworks */,
				8A3499571A75871E001B5A28 /* Resources */,
				70E22B5A1AAB9A00000597F9 /* ShellScript */,
				131052E51AAD01DD00D9F1EF /* ShellScript */,
			);
			buildRules = (
			);
			dependencies = (
			);
			name = Camptivity;
			productName = Camptivity;
			productReference = 8A3499591A75871E001B5A28 /* Camptivity.app */;
			productType = "com.apple.product-type.application";
		};
		8A34996D1A75871E001B5A28 /* CamptivityTests */ = {
			isa = PBXNativeTarget;
			buildConfigurationList = 8A34997B1A75871E001B5A28 /* Build configuration list for PBXNativeTarget "CamptivityTests" */;
			buildPhases = (
				8A34996A1A75871E001B5A28 /* Sources */,
				8A34996B1A75871E001B5A28 /* Frameworks */,
				8A34996C1A75871E001B5A28 /* Resources */,
			);
			buildRules = (
			);
			dependencies = (
				8A3499701A75871E001B5A28 /* PBXTargetDependency */,
			);
			name = CamptivityTests;
			productName = CamptivityTests;
			productReference = 8A34996E1A75871E001B5A28 /* CamptivityTests.xctest */;
			productType = "com.apple.product-type.bundle.unit-test";
		};
/* End PBXNativeTarget section */

/* Begin PBXProject section */
		8A3499511A75871E001B5A28 /* Project object */ = {
			isa = PBXProject;
			attributes = {
				LastUpgradeCheck = 0610;
				ORGANIZATIONNAME = "Camptivity INC";
				TargetAttributes = {
					8A3499581A75871E001B5A28 = {
						CreatedOnToolsVersion = 6.1.1;
					};
					8A34996D1A75871E001B5A28 = {
						CreatedOnToolsVersion = 6.1.1;
						TestTargetID = 8A3499581A75871E001B5A28;
					};
				};
			};
			buildConfigurationList = 8A3499541A75871E001B5A28 /* Build configuration list for PBXProject "Camptivity" */;
			compatibilityVersion = "Xcode 3.2";
			developmentRegion = English;
			hasScannedForEncodings = 0;
			knownRegions = (
				en,
				Base,
				he,
			);
			mainGroup = 8A3499501A75871E001B5A28;
			productRefGroup = 8A34995A1A75871E001B5A28 /* Products */;
			projectDirPath = "";
			projectRoot = "";
			targets = (
				8A3499581A75871E001B5A28 /* Camptivity */,
				8A34996D1A75871E001B5A28 /* CamptivityTests */,
			);
		};
/* End PBXProject section */

/* Begin PBXResourcesBuildPhase section */
		8A3499571A75871E001B5A28 /* Resources */ = {
			isa = PBXResourcesBuildPhase;
			buildActionMask = 2147483647;
			files = (
				8A3499641A75871E001B5A28 /* Main.storyboard in Resources */,
				13CE1DF71A815DD200957EB9 /* Images.xcassets in Resources */,
				8A3499851A782269001B5A28 /* location-25.png in Resources */,
				8A7A3F0C1AA3BF7F00854B8F /* UCSD_Logo.png in Resources */,
				6EC8FF8B1AAD3AFC0084DFFD /* Camp_Logo.png in Resources */,
				8A3499691A75871E001B5A28 /* LaunchScreen.xib in Resources */,
				13CE1DEE1A815B0400957EB9 /* MarkerInfoView.xib in Resources */,
				6E12567D1AAEE39E005818BB /* Power_Button.png in Resources */,
				8A3499831A7820A7001B5A28 /* group-25.png in Resources */,
				8A3499811A782048001B5A28 /* map-25.png in Resources */,
				13CE1DD21A81577800957EB9 /* GoogleMaps.bundle in Resources */,
			);
			runOnlyForDeploymentPostprocessing = 0;
		};
		8A34996C1A75871E001B5A28 /* Resources */ = {
			isa = PBXResourcesBuildPhase;
			buildActionMask = 2147483647;
			files = (
				7037B6381AAC29D9007FE6AF /* GoogleMaps.bundle in Resources */,
			);
			runOnlyForDeploymentPostprocessing = 0;
		};
/* End PBXResourcesBuildPhase section */

/* Begin PBXShellScriptBuildPhase section */
		131052E51AAD01DD00D9F1EF /* ShellScript */ = {
			isa = PBXShellScriptBuildPhase;
			buildActionMask = 2147483647;
			files = (
			);
			inputPaths = (
			);
			outputPaths = (
			);
			runOnlyForDeploymentPostprocessing = 0;
			shellPath = /bin/sh;
			shellScript = "./Fabric.framework/run 1f63561c89c75b0ceb76ee9fffc147f0ff1851c6 b4ab43da8c0779f4b4e6ba24bde59d5c0782064866e784e5f21f1c6da5374acc";
		};
		70E22B5A1AAB9A00000597F9 /* ShellScript */ = {
			isa = PBXShellScriptBuildPhase;
			buildActionMask = 2147483647;
			files = (
			);
			inputPaths = (
			);
			outputPaths = (
			);
			runOnlyForDeploymentPostprocessing = 0;
			shellPath = /bin/sh;
			shellScript = "./Fabric.framework/run 1f63561c89c75b0ceb76ee9fffc147f0ff1851c6 b4ab43da8c0779f4b4e6ba24bde59d5c0782064866e784e5f21f1c6da5374acc";
		};
/* End PBXShellScriptBuildPhase section */

/* Begin PBXSourcesBuildPhase section */
		8A3499551A75871E001B5A28 /* Sources */ = {
			isa = PBXSourcesBuildPhase;
			buildActionMask = 2147483647;
			files = (
				6EE7A9C91AA64C9E00699978 /* SignUpViewController.swift in Sources */,
				8A5E62061A9FB5A600E418ED /* UITableViewCell+FlatUI.m in Sources */,
				8A5E61FB1A9FB5A600E418ED /* NSString+Icons.m in Sources */,
				8A5E61F41A9FB5A600E418ED /* FUIAlertView.m in Sources */,
				8A3499611A75871E001B5A28 /* ViewController.swift in Sources */,
				8A5E61FD1A9FB5A600E418ED /* UIColor+FlatUI.m in Sources */,
				7050DDBB1AABBFE2002C4E45 /* ParseLocations.swift in Sources */,
				13CFE2BA1A8DD12C00F64DDC /* MapViewController.swift in Sources */,
				8A5E61F81A9FB5A600E418ED /* FUISegmentedControl.m in Sources */,
				8A5E61F91A9FB5A600E418ED /* FUISwitch.m in Sources */,
				8A5E62021A9FB5A600E418ED /* UIProgressView+FlatUI.m in Sources */,
				7050DDBF1AABBFF8002C4E45 /* ParseUser.swift in Sources */,
				8A5E61FA1A9FB5A600E418ED /* FUITextField.m in Sources */,
				13CE1DED1A815B0400957EB9 /* MarkerInfoView.swift in Sources */,
				8A5E62051A9FB5A600E418ED /* UITabBar+FlatUI.m in Sources */,
				7062A8A71AAD7B68003A0628 /* Utils.swift in Sources */,
				8A5E61F71A9FB5A600E418ED /* FUIPopoverBackgroundView.m in Sources */,
				8A5E62041A9FB5A600E418ED /* UIStepper+FlatUI.m in Sources */,
				8ABDB9DD1A92E29C00A0D6CB /* FeedTableViewController.swift in Sources */,
				13CE1DEF1A815B0400957EB9 /* UIViewExtension.swift in Sources */,
				7050DDB91AABBFD0002C4E45 /* ParseEvents.swift in Sources */,
				13CFE2BD1A8DD17F00F64DDC /* AppDelegate.swift in Sources */,
				6E14EB861AAAB09900FD1F4D /* LogInViewController.swift in Sources */,
				8A5E62011A9FB5A600E418ED /* UIPopoverController+FlatUI.m in Sources */,
				7050DDBD1AABBFF1002C4E45 /* ParseScore.swift in Sources */,
				8A3A75A71AA25746006A1EB8 /* FeedTableViewCell.swift in Sources */,
				13CFE2BB1A8DD12C00F64DDC /* TypesTableViewController.swift in Sources */,
				8A5834291AA648DF005A6577 /* EventViewController.swift in Sources */,
				8A5E61FF1A9FB5A600E418ED /* UIImage+FlatUI.m in Sources */,
				139B901E1AA7E5F5006255F4 /* FloatRatingView.swift in Sources */,
				8A5E61F61A9FB5A600E418ED /* FUICellBackgroundView.m in Sources */,
				8A5E62031A9FB5A600E418ED /* UISlider+FlatUI.m in Sources */,
				13C1E8241AA2F80C008A2E60 /* NewEventViewController.swift in Sources */,
				13CFE2B71A8DD11700F64DDC /* ParseDataProvider.swift in Sources */,
				8A5E62001A9FB5A600E418ED /* UINavigationBar+FlatUI.m in Sources */,
				130B67B41AAD1F5D000C0988 /* MBProgressHUD.m in Sources */,
				8A5E61F51A9FB5A600E418ED /* FUIButton.m in Sources */,
				8A5E61FC1A9FB5A600E418ED /* UIBarButtonItem+FlatUI.m in Sources */,
				8A5E62071A9FB5A600E418ED /* UIToolbar+FlatUI.m in Sources */,
				8A5E61FE1A9FB5A600E418ED /* UIFont+FlatUI.m in Sources */,
			);
			runOnlyForDeploymentPostprocessing = 0;
		};
		8A34996A1A75871E001B5A28 /* Sources */ = {
			isa = PBXSourcesBuildPhase;
			buildActionMask = 2147483647;
			files = (
				70B8D2D61AAD03D300244435 /* ParseUser.swift in Sources */,
				70B8D2D21AAD03C900244435 /* ParseEvents.swift in Sources */,
				7037B6291AAC2891007FE6AF /* ParseDataProvider.swift in Sources */,
				7062A8A81AAD7B7E003A0628 /* Utils.swift in Sources */,
				70B8D2D31AAD03CC00244435 /* ParseLocations.swift in Sources */,
				70B8D2D51AAD03D000244435 /* ParseScore.swift in Sources */,
				8A3499751A75871E001B5A28 /* CamptivityTests.swift in Sources */,
			);
			runOnlyForDeploymentPostprocessing = 0;
		};
/* End PBXSourcesBuildPhase section */

/* Begin PBXTargetDependency section */
		8A3499701A75871E001B5A28 /* PBXTargetDependency */ = {
			isa = PBXTargetDependency;
			target = 8A3499581A75871E001B5A28 /* Camptivity */;
			targetProxy = 8A34996F1A75871E001B5A28 /* PBXContainerItemProxy */;
		};
/* End PBXTargetDependency section */

/* Begin PBXVariantGroup section */
		8A3499621A75871E001B5A28 /* Main.storyboard */ = {
			isa = PBXVariantGroup;
			children = (
				8A3499631A75871E001B5A28 /* Base */,
			);
			name = Main.storyboard;
			sourceTree = "<group>";
		};
		8A3499671A75871E001B5A28 /* LaunchScreen.xib */ = {
			isa = PBXVariantGroup;
			children = (
				8A3499681A75871E001B5A28 /* Base */,
			);
			name = LaunchScreen.xib;
			sourceTree = "<group>";
		};
/* End PBXVariantGroup section */

/* Begin XCBuildConfiguration section */
		8A3499761A75871E001B5A28 /* Debug */ = {
			isa = XCBuildConfiguration;
			buildSettings = {
				ALWAYS_SEARCH_USER_PATHS = NO;
				CLANG_CXX_LANGUAGE_STANDARD = "gnu++0x";
				CLANG_CXX_LIBRARY = "libc++";
				CLANG_ENABLE_MODULES = YES;
				CLANG_ENABLE_OBJC_ARC = YES;
				CLANG_WARN_BOOL_CONVERSION = YES;
				CLANG_WARN_CONSTANT_CONVERSION = YES;
				CLANG_WARN_DIRECT_OBJC_ISA_USAGE = YES_ERROR;
				CLANG_WARN_EMPTY_BODY = YES;
				CLANG_WARN_ENUM_CONVERSION = YES;
				CLANG_WARN_INT_CONVERSION = YES;
				CLANG_WARN_OBJC_ROOT_CLASS = YES_ERROR;
				CLANG_WARN_UNREACHABLE_CODE = YES;
				CLANG_WARN__DUPLICATE_METHOD_MATCH = YES;
				"CODE_SIGN_IDENTITY[sdk=iphoneos*]" = "iPhone Developer";
				COPY_PHASE_STRIP = NO;
				ENABLE_STRICT_OBJC_MSGSEND = YES;
				GCC_C_LANGUAGE_STANDARD = gnu99;
				GCC_DYNAMIC_NO_PIC = NO;
				GCC_OPTIMIZATION_LEVEL = 0;
				GCC_PREPROCESSOR_DEFINITIONS = (
					"DEBUG=1",
					"$(inherited)",
				);
				GCC_SYMBOLS_PRIVATE_EXTERN = NO;
				GCC_WARN_64_TO_32_BIT_CONVERSION = YES;
				GCC_WARN_ABOUT_RETURN_TYPE = YES_ERROR;
				GCC_WARN_UNDECLARED_SELECTOR = YES;
				GCC_WARN_UNINITIALIZED_AUTOS = YES_AGGRESSIVE;
				GCC_WARN_UNUSED_FUNCTION = YES;
				GCC_WARN_UNUSED_VARIABLE = YES;
				IPHONEOS_DEPLOYMENT_TARGET = 8.1;
				MTL_ENABLE_DEBUG_INFO = YES;
				ONLY_ACTIVE_ARCH = YES;
				SDKROOT = iphoneos;
				SWIFT_OPTIMIZATION_LEVEL = "-Onone";
				TARGETED_DEVICE_FAMILY = "1,2";
			};
			name = Debug;
		};
		8A3499771A75871E001B5A28 /* Release */ = {
			isa = XCBuildConfiguration;
			buildSettings = {
				ALWAYS_SEARCH_USER_PATHS = NO;
				CLANG_CXX_LANGUAGE_STANDARD = "gnu++0x";
				CLANG_CXX_LIBRARY = "libc++";
				CLANG_ENABLE_MODULES = YES;
				CLANG_ENABLE_OBJC_ARC = YES;
				CLANG_WARN_BOOL_CONVERSION = YES;
				CLANG_WARN_CONSTANT_CONVERSION = YES;
				CLANG_WARN_DIRECT_OBJC_ISA_USAGE = YES_ERROR;
				CLANG_WARN_EMPTY_BODY = YES;
				CLANG_WARN_ENUM_CONVERSION = YES;
				CLANG_WARN_INT_CONVERSION = YES;
				CLANG_WARN_OBJC_ROOT_CLASS = YES_ERROR;
				CLANG_WARN_UNREACHABLE_CODE = YES;
				CLANG_WARN__DUPLICATE_METHOD_MATCH = YES;
				"CODE_SIGN_IDENTITY[sdk=iphoneos*]" = "iPhone Developer";
				COPY_PHASE_STRIP = YES;
				ENABLE_NS_ASSERTIONS = NO;
				ENABLE_STRICT_OBJC_MSGSEND = YES;
				GCC_C_LANGUAGE_STANDARD = gnu99;
				GCC_WARN_64_TO_32_BIT_CONVERSION = YES;
				GCC_WARN_ABOUT_RETURN_TYPE = YES_ERROR;
				GCC_WARN_UNDECLARED_SELECTOR = YES;
				GCC_WARN_UNINITIALIZED_AUTOS = YES_AGGRESSIVE;
				GCC_WARN_UNUSED_FUNCTION = YES;
				GCC_WARN_UNUSED_VARIABLE = YES;
				IPHONEOS_DEPLOYMENT_TARGET = 8.1;
				MTL_ENABLE_DEBUG_INFO = NO;
				SDKROOT = iphoneos;
				TARGETED_DEVICE_FAMILY = "1,2";
				VALIDATE_PRODUCT = YES;
			};
			name = Release;
		};
		8A3499791A75871E001B5A28 /* Debug */ = {
			isa = XCBuildConfiguration;
			buildSettings = {
				ASSETCATALOG_COMPILER_APPICON_NAME = AppIcon;
				FRAMEWORK_SEARCH_PATHS = (
					"$(PROJECT_DIR)/**",
					"$(PROJECT_DIR)",
				);
				INFOPLIST_FILE = Camptivity/Info.plist;
				LD_RUNPATH_SEARCH_PATHS = "$(inherited) @executable_path/Frameworks";
				OTHER_LDFLAGS = "-ObjC";
				PRODUCT_NAME = "$(TARGET_NAME)";
				SWIFT_OBJC_BRIDGING_HEADER = "Camptivity/Camptivity-Bridging-Header.h";
			};
			name = Debug;
		};
		8A34997A1A75871E001B5A28 /* Release */ = {
			isa = XCBuildConfiguration;
			buildSettings = {
				ASSETCATALOG_COMPILER_APPICON_NAME = AppIcon;
				FRAMEWORK_SEARCH_PATHS = (
					"$(PROJECT_DIR)/**",
					"$(PROJECT_DIR)",
				);
				INFOPLIST_FILE = Camptivity/Info.plist;
				LD_RUNPATH_SEARCH_PATHS = "$(inherited) @executable_path/Frameworks";
				OTHER_LDFLAGS = "-ObjC";
				PRODUCT_NAME = "$(TARGET_NAME)";
				SWIFT_OBJC_BRIDGING_HEADER = "Camptivity/Camptivity-Bridging-Header.h";
			};
			name = Release;
		};
		8A34997C1A75871E001B5A28 /* Debug */ = {
			isa = XCBuildConfiguration;
			buildSettings = {
				BUNDLE_LOADER = "$(TEST_HOST)";
				FRAMEWORK_SEARCH_PATHS = (
					"$(SDKROOT)/Developer/Library/Frameworks",
					"$(inherited)",
					"$(PROJECT_DIR)",
				);
				GCC_PREPROCESSOR_DEFINITIONS = (
					"DEBUG=1",
					"$(inherited)",
				);
				INFOPLIST_FILE = CamptivityTests/Info.plist;
				LD_RUNPATH_SEARCH_PATHS = "$(inherited) @executable_path/Frameworks @loader_path/Frameworks";
				PRODUCT_NAME = "$(TARGET_NAME)";
				TEST_HOST = "$(BUILT_PRODUCTS_DIR)/Camptivity.app/Camptivity";
			};
			name = Debug;
		};
		8A34997D1A75871E001B5A28 /* Release */ = {
			isa = XCBuildConfiguration;
			buildSettings = {
				BUNDLE_LOADER = "$(TEST_HOST)";
				FRAMEWORK_SEARCH_PATHS = (
					"$(SDKROOT)/Developer/Library/Frameworks",
					"$(inherited)",
					"$(PROJECT_DIR)",
				);
				INFOPLIST_FILE = CamptivityTests/Info.plist;
				LD_RUNPATH_SEARCH_PATHS = "$(inherited) @executable_path/Frameworks @loader_path/Frameworks";
				PRODUCT_NAME = "$(TARGET_NAME)";
				TEST_HOST = "$(BUILT_PRODUCTS_DIR)/Camptivity.app/Camptivity";
			};
			name = Release;
		};
/* End XCBuildConfiguration section */

/* Begin XCConfigurationList section */
		8A3499541A75871E001B5A28 /* Build configuration list for PBXProject "Camptivity" */ = {
			isa = XCConfigurationList;
			buildConfigurations = (
				8A3499761A75871E001B5A28 /* Debug */,
				8A3499771A75871E001B5A28 /* Release */,
			);
			defaultConfigurationIsVisible = 0;
			defaultConfigurationName = Release;
		};
		8A3499781A75871E001B5A28 /* Build configuration list for PBXNativeTarget "Camptivity" */ = {
			isa = XCConfigurationList;
			buildConfigurations = (
				8A3499791A75871E001B5A28 /* Debug */,
				8A34997A1A75871E001B5A28 /* Release */,
			);
			defaultConfigurationIsVisible = 0;
			defaultConfigurationName = Release;
		};
		8A34997B1A75871E001B5A28 /* Build configuration list for PBXNativeTarget "CamptivityTests" */ = {
			isa = XCConfigurationList;
			buildConfigurations = (
				8A34997C1A75871E001B5A28 /* Debug */,
				8A34997D1A75871E001B5A28 /* Release */,
			);
			defaultConfigurationIsVisible = 0;
			defaultConfigurationName = Release;
		};
/* End XCConfigurationList section */
	};
	rootObject = 8A3499511A75871E001B5A28 /* Project object */;
}
