// !$*UTF8*$!
{
	archiveVersion = 1;
	classes = {
	};
	objectVersion = 46;
	objects = {

/* Begin PBXBuildFile section */
		6EA4A66E1A7826F400B625ED /* FacebookSDK.framework in Frameworks */ = {isa = PBXBuildFile; fileRef = 6EA4A66D1A7826F400B625ED /* FacebookSDK.framework */; };
		6EA4A6771A7ABEDA00B625ED /* Bolts.framework in Frameworks */ = {isa = PBXBuildFile; fileRef = 6EA4A6751A7ABEDA00B625ED /* Bolts.framework */; };
		6EA4A6781A7ABEDA00B625ED /* Parse.framework in Frameworks */ = {isa = PBXBuildFile; fileRef = 6EA4A6761A7ABEDA00B625ED /* Parse.framework */; };
		6EA4A67A1A7ABF2E00B625ED /* AudioToolbox.framework in Frameworks */ = {isa = PBXBuildFile; fileRef = 6EA4A6791A7ABF2E00B625ED /* AudioToolbox.framework */; };
		6EA4A67C1A7ABF4D00B625ED /* CFNetwork.framework in Frameworks */ = {isa = PBXBuildFile; fileRef = 6EA4A67B1A7ABF4D00B625ED /* CFNetwork.framework */; };
		6EA4A67E1A7ABF6700B625ED /* CoreGraphics.framework in Frameworks */ = {isa = PBXBuildFile; fileRef = 6EA4A67D1A7ABF6700B625ED /* CoreGraphics.framework */; };
		6EA4A6801A7ABF7600B625ED /* CoreLocation.framework in Frameworks */ = {isa = PBXBuildFile; fileRef = 6EA4A67F1A7ABF7600B625ED /* CoreLocation.framework */; };
		6EA4A6821A7ABF8000B625ED /* MobileCoreServices.framework in Frameworks */ = {isa = PBXBuildFile; fileRef = 6EA4A6811A7ABF8000B625ED /* MobileCoreServices.framework */; };
		6EA4A6841A7ABF8A00B625ED /* QuartzCore.framework in Frameworks */ = {isa = PBXBuildFile; fileRef = 6EA4A6831A7ABF8A00B625ED /* QuartzCore.framework */; };
		6EA4A6861A7ABF9400B625ED /* Security.framework in Frameworks */ = {isa = PBXBuildFile; fileRef = 6EA4A6851A7ABF9400B625ED /* Security.framework */; };
		6EA4A6881A7ABF9D00B625ED /* StoreKit.framework in Frameworks */ = {isa = PBXBuildFile; fileRef = 6EA4A6871A7ABF9D00B625ED /* StoreKit.framework */; };
		6EA4A68A1A7ABFA600B625ED /* SystemConfiguration.framework in Frameworks */ = {isa = PBXBuildFile; fileRef = 6EA4A6891A7ABFA600B625ED /* SystemConfiguration.framework */; };
		6EA4A68C1A7ABFAD00B625ED /* libz.dylib in Frameworks */ = {isa = PBXBuildFile; fileRef = 6EA4A68B1A7ABFAD00B625ED /* libz.dylib */; };
		6EA4A68E1A7ABFB600B625ED /* libsqlite3.dylib in Frameworks */ = {isa = PBXBuildFile; fileRef = 6EA4A68D1A7ABFB600B625ED /* libsqlite3.dylib */; };
		8A34995F1A75871E001B5A28 /* AppDelegate.swift in Sources */ = {isa = PBXBuildFile; fileRef = 8A34995E1A75871E001B5A28 /* AppDelegate.swift */; };
		8A3499611A75871E001B5A28 /* ViewController.swift in Sources */ = {isa = PBXBuildFile; fileRef = 8A3499601A75871E001B5A28 /* ViewController.swift */; };
		8A3499641A75871E001B5A28 /* Main.storyboard in Resources */ = {isa = PBXBuildFile; fileRef = 8A3499621A75871E001B5A28 /* Main.storyboard */; };
		8A3499661A75871E001B5A28 /* Images.xcassets in Resources */ = {isa = PBXBuildFile; fileRef = 8A3499651A75871E001B5A28 /* Images.xcassets */; };
		8A3499691A75871E001B5A28 /* LaunchScreen.xib in Resources */ = {isa = PBXBuildFile; fileRef = 8A3499671A75871E001B5A28 /* LaunchScreen.xib */; };
		8A3499751A75871E001B5A28 /* CamptivityTests.swift in Sources */ = {isa = PBXBuildFile; fileRef = 8A3499741A75871E001B5A28 /* CamptivityTests.swift */; };
		8A3499811A782048001B5A28 /* map-25.png in Resources */ = {isa = PBXBuildFile; fileRef = 8A3499801A782048001B5A28 /* map-25.png */; };
		8A3499831A7820A7001B5A28 /* group-25.png in Resources */ = {isa = PBXBuildFile; fileRef = 8A3499821A7820A7001B5A28 /* group-25.png */; };
		8A3499851A782269001B5A28 /* location-25.png in Resources */ = {isa = PBXBuildFile; fileRef = 8A3499841A782269001B5A28 /* location-25.png */; };
		8A3499B01A7827F0001B5A28 /* FUIAlertView.m in Sources */ = {isa = PBXBuildFile; fileRef = 8A3499891A7827F0001B5A28 /* FUIAlertView.m */; };
		8A3499B11A7827F0001B5A28 /* FUIButton.m in Sources */ = {isa = PBXBuildFile; fileRef = 8A34998B1A7827F0001B5A28 /* FUIButton.m */; };
		8A3499B21A7827F0001B5A28 /* FUICellBackgroundView.m in Sources */ = {isa = PBXBuildFile; fileRef = 8A34998D1A7827F0001B5A28 /* FUICellBackgroundView.m */; };
		8A3499B31A7827F0001B5A28 /* FUIPopoverBackgroundView.m in Sources */ = {isa = PBXBuildFile; fileRef = 8A34998F1A7827F0001B5A28 /* FUIPopoverBackgroundView.m */; };
		8A3499B41A7827F0001B5A28 /* FUISegmentedControl.m in Sources */ = {isa = PBXBuildFile; fileRef = 8A3499911A7827F0001B5A28 /* FUISegmentedControl.m */; };
		8A3499B51A7827F0001B5A28 /* FUISwitch.m in Sources */ = {isa = PBXBuildFile; fileRef = 8A3499931A7827F0001B5A28 /* FUISwitch.m */; };
		8A3499B61A7827F0001B5A28 /* FUITextField.m in Sources */ = {isa = PBXBuildFile; fileRef = 8A3499951A7827F0001B5A28 /* FUITextField.m */; };
		8A3499B71A7827F0001B5A28 /* NSString+Icons.m in Sources */ = {isa = PBXBuildFile; fileRef = 8A3499971A7827F0001B5A28 /* NSString+Icons.m */; };
		8A3499B81A7827F0001B5A28 /* UIBarButtonItem+FlatUI.m in Sources */ = {isa = PBXBuildFile; fileRef = 8A3499991A7827F0001B5A28 /* UIBarButtonItem+FlatUI.m */; };
		8A3499B91A7827F0001B5A28 /* UIColor+FlatUI.m in Sources */ = {isa = PBXBuildFile; fileRef = 8A34999B1A7827F0001B5A28 /* UIColor+FlatUI.m */; };
		8A3499BA1A7827F0001B5A28 /* UIFont+FlatUI.m in Sources */ = {isa = PBXBuildFile; fileRef = 8A34999D1A7827F0001B5A28 /* UIFont+FlatUI.m */; };
		8A3499BB1A7827F0001B5A28 /* UIImage+FlatUI.m in Sources */ = {isa = PBXBuildFile; fileRef = 8A34999F1A7827F0001B5A28 /* UIImage+FlatUI.m */; };
		8A3499BC1A7827F0001B5A28 /* UINavigationBar+FlatUI.m in Sources */ = {isa = PBXBuildFile; fileRef = 8A3499A11A7827F0001B5A28 /* UINavigationBar+FlatUI.m */; };
		8A3499BD1A7827F0001B5A28 /* UIPopoverController+FlatUI.m in Sources */ = {isa = PBXBuildFile; fileRef = 8A3499A31A7827F0001B5A28 /* UIPopoverController+FlatUI.m */; };
		8A3499BE1A7827F0001B5A28 /* UIProgressView+FlatUI.m in Sources */ = {isa = PBXBuildFile; fileRef = 8A3499A51A7827F0001B5A28 /* UIProgressView+FlatUI.m */; };
		8A3499BF1A7827F0001B5A28 /* UISlider+FlatUI.m in Sources */ = {isa = PBXBuildFile; fileRef = 8A3499A71A7827F0001B5A28 /* UISlider+FlatUI.m */; };
		8A3499C01A7827F0001B5A28 /* UIStepper+FlatUI.m in Sources */ = {isa = PBXBuildFile; fileRef = 8A3499A91A7827F0001B5A28 /* UIStepper+FlatUI.m */; };
		8A3499C11A7827F0001B5A28 /* UITabBar+FlatUI.m in Sources */ = {isa = PBXBuildFile; fileRef = 8A3499AB1A7827F0001B5A28 /* UITabBar+FlatUI.m */; };
		8A3499C21A7827F0001B5A28 /* UITableViewCell+FlatUI.m in Sources */ = {isa = PBXBuildFile; fileRef = 8A3499AD1A7827F0001B5A28 /* UITableViewCell+FlatUI.m */; };
		8A3499C31A7827F0001B5A28 /* UIToolbar+FlatUI.m in Sources */ = {isa = PBXBuildFile; fileRef = 8A3499AF1A7827F0001B5A28 /* UIToolbar+FlatUI.m */; };
/* End PBXBuildFile section */

/* Begin PBXContainerItemProxy section */
		8A34996F1A75871E001B5A28 /* PBXContainerItemProxy */ = {
			isa = PBXContainerItemProxy;
			containerPortal = 8A3499511A75871E001B5A28 /* Project object */;
			proxyType = 1;
			remoteGlobalIDString = 8A3499581A75871E001B5A28;
			remoteInfo = Camptivity;
		};
/* End PBXContainerItemProxy section */

/* Begin PBXFileReference section */
		6EA4A66D1A7826F400B625ED /* FacebookSDK.framework */ = {isa = PBXFileReference; lastKnownFileType = wrapper.framework; name = FacebookSDK.framework; path = ../../../../Documents/FacebookSDK/FacebookSDK.framework; sourceTree = "<group>"; };
		6EA4A6751A7ABEDA00B625ED /* Bolts.framework */ = {isa = PBXFileReference; lastKnownFileType = wrapper.framework; name = Bolts.framework; path = "../../../../Documents/parse-library-1/Bolts.framework"; sourceTree = "<group>"; };
		6EA4A6761A7ABEDA00B625ED /* Parse.framework */ = {isa = PBXFileReference; lastKnownFileType = wrapper.framework; name = Parse.framework; path = "../../../../Documents/parse-library-1/Parse.framework"; sourceTree = "<group>"; };
		6EA4A6791A7ABF2E00B625ED /* AudioToolbox.framework */ = {isa = PBXFileReference; lastKnownFileType = wrapper.framework; name = AudioToolbox.framework; path = System/Library/Frameworks/AudioToolbox.framework; sourceTree = SDKROOT; };
		6EA4A67B1A7ABF4D00B625ED /* CFNetwork.framework */ = {isa = PBXFileReference; lastKnownFileType = wrapper.framework; name = CFNetwork.framework; path = System/Library/Frameworks/CFNetwork.framework; sourceTree = SDKROOT; };
		6EA4A67D1A7ABF6700B625ED /* CoreGraphics.framework */ = {isa = PBXFileReference; lastKnownFileType = wrapper.framework; name = CoreGraphics.framework; path = System/Library/Frameworks/CoreGraphics.framework; sourceTree = SDKROOT; };
		6EA4A67F1A7ABF7600B625ED /* CoreLocation.framework */ = {isa = PBXFileReference; lastKnownFileType = wrapper.framework; name = CoreLocation.framework; path = System/Library/Frameworks/CoreLocation.framework; sourceTree = SDKROOT; };
		6EA4A6811A7ABF8000B625ED /* MobileCoreServices.framework */ = {isa = PBXFileReference; lastKnownFileType = wrapper.framework; name = MobileCoreServices.framework; path = System/Library/Frameworks/MobileCoreServices.framework; sourceTree = SDKROOT; };
		6EA4A6831A7ABF8A00B625ED /* QuartzCore.framework */ = {isa = PBXFileReference; lastKnownFileType = wrapper.framework; name = QuartzCore.framework; path = System/Library/Frameworks/QuartzCore.framework; sourceTree = SDKROOT; };
		6EA4A6851A7ABF9400B625ED /* Security.framework */ = {isa = PBXFileReference; lastKnownFileType = wrapper.framework; name = Security.framework; path = System/Library/Frameworks/Security.framework; sourceTree = SDKROOT; };
		6EA4A6871A7ABF9D00B625ED /* StoreKit.framework */ = {isa = PBXFileReference; lastKnownFileType = wrapper.framework; name = StoreKit.framework; path = System/Library/Frameworks/StoreKit.framework; sourceTree = SDKROOT; };
		6EA4A6891A7ABFA600B625ED /* SystemConfiguration.framework */ = {isa = PBXFileReference; lastKnownFileType = wrapper.framework; name = SystemConfiguration.framework; path = System/Library/Frameworks/SystemConfiguration.framework; sourceTree = SDKROOT; };
		6EA4A68B1A7ABFAD00B625ED /* libz.dylib */ = {isa = PBXFileReference; lastKnownFileType = "compiled.mach-o.dylib"; name = libz.dylib; path = usr/lib/libz.dylib; sourceTree = SDKROOT; };
		6EA4A68D1A7ABFB600B625ED /* libsqlite3.dylib */ = {isa = PBXFileReference; lastKnownFileType = "compiled.mach-o.dylib"; name = libsqlite3.dylib; path = usr/lib/libsqlite3.dylib; sourceTree = SDKROOT; };
		8A3499591A75871E001B5A28 /* Camptivity.app */ = {isa = PBXFileReference; explicitFileType = wrapper.application; includeInIndex = 0; path = Camptivity.app; sourceTree = BUILT_PRODUCTS_DIR; };
		8A34995D1A75871E001B5A28 /* Info.plist */ = {isa = PBXFileReference; lastKnownFileType = text.plist.xml; path = Info.plist; sourceTree = "<group>"; };
		8A34995E1A75871E001B5A28 /* AppDelegate.swift */ = {isa = PBXFileReference; lastKnownFileType = sourcecode.swift; path = AppDelegate.swift; sourceTree = "<group>"; };
		8A3499601A75871E001B5A28 /* ViewController.swift */ = {isa = PBXFileReference; lastKnownFileType = sourcecode.swift; path = ViewController.swift; sourceTree = "<group>"; };
		8A3499631A75871E001B5A28 /* Base */ = {isa = PBXFileReference; lastKnownFileType = file.storyboard; name = Base; path = Base.lproj/Main.storyboard; sourceTree = "<group>"; };
		8A3499651A75871E001B5A28 /* Images.xcassets */ = {isa = PBXFileReference; lastKnownFileType = folder.assetcatalog; path = Images.xcassets; sourceTree = "<group>"; };
		8A3499681A75871E001B5A28 /* Base */ = {isa = PBXFileReference; lastKnownFileType = file.xib; name = Base; path = Base.lproj/LaunchScreen.xib; sourceTree = "<group>"; };
		8A34996E1A75871E001B5A28 /* CamptivityTests.xctest */ = {isa = PBXFileReference; explicitFileType = wrapper.cfbundle; includeInIndex = 0; path = CamptivityTests.xctest; sourceTree = BUILT_PRODUCTS_DIR; };
		8A3499731A75871E001B5A28 /* Info.plist */ = {isa = PBXFileReference; lastKnownFileType = text.plist.xml; path = Info.plist; sourceTree = "<group>"; };
		8A3499741A75871E001B5A28 /* CamptivityTests.swift */ = {isa = PBXFileReference; lastKnownFileType = sourcecode.swift; path = CamptivityTests.swift; sourceTree = "<group>"; };
		8A3499801A782048001B5A28 /* map-25.png */ = {isa = PBXFileReference; lastKnownFileType = image.png; path = "map-25.png"; sourceTree = "<group>"; };
		8A3499821A7820A7001B5A28 /* group-25.png */ = {isa = PBXFileReference; lastKnownFileType = image.png; path = "group-25.png"; sourceTree = "<group>"; };
		8A3499841A782269001B5A28 /* location-25.png */ = {isa = PBXFileReference; lastKnownFileType = image.png; path = "location-25.png"; sourceTree = "<group>"; };
		8A3499871A7827F0001B5A28 /* FlatUIKit.h */ = {isa = PBXFileReference; fileEncoding = 4; lastKnownFileType = sourcecode.c.h; path = FlatUIKit.h; sourceTree = "<group>"; };
		8A3499881A7827F0001B5A28 /* FUIAlertView.h */ = {isa = PBXFileReference; fileEncoding = 4; lastKnownFileType = sourcecode.c.h; path = FUIAlertView.h; sourceTree = "<group>"; };
		8A3499891A7827F0001B5A28 /* FUIAlertView.m */ = {isa = PBXFileReference; fileEncoding = 4; lastKnownFileType = sourcecode.c.objc; path = FUIAlertView.m; sourceTree = "<group>"; };
		8A34998A1A7827F0001B5A28 /* FUIButton.h */ = {isa = PBXFileReference; fileEncoding = 4; lastKnownFileType = sourcecode.c.h; path = FUIButton.h; sourceTree = "<group>"; };
		8A34998B1A7827F0001B5A28 /* FUIButton.m */ = {isa = PBXFileReference; fileEncoding = 4; lastKnownFileType = sourcecode.c.objc; path = FUIButton.m; sourceTree = "<group>"; };
		8A34998C1A7827F0001B5A28 /* FUICellBackgroundView.h */ = {isa = PBXFileReference; fileEncoding = 4; lastKnownFileType = sourcecode.c.h; path = FUICellBackgroundView.h; sourceTree = "<group>"; };
		8A34998D1A7827F0001B5A28 /* FUICellBackgroundView.m */ = {isa = PBXFileReference; fileEncoding = 4; lastKnownFileType = sourcecode.c.objc; path = FUICellBackgroundView.m; sourceTree = "<group>"; };
		8A34998E1A7827F0001B5A28 /* FUIPopoverBackgroundView.h */ = {isa = PBXFileReference; fileEncoding = 4; lastKnownFileType = sourcecode.c.h; path = FUIPopoverBackgroundView.h; sourceTree = "<group>"; };
		8A34998F1A7827F0001B5A28 /* FUIPopoverBackgroundView.m */ = {isa = PBXFileReference; fileEncoding = 4; lastKnownFileType = sourcecode.c.objc; path = FUIPopoverBackgroundView.m; sourceTree = "<group>"; };
		8A3499901A7827F0001B5A28 /* FUISegmentedControl.h */ = {isa = PBXFileReference; fileEncoding = 4; lastKnownFileType = sourcecode.c.h; path = FUISegmentedControl.h; sourceTree = "<group>"; };
		8A3499911A7827F0001B5A28 /* FUISegmentedControl.m */ = {isa = PBXFileReference; fileEncoding = 4; lastKnownFileType = sourcecode.c.objc; path = FUISegmentedControl.m; sourceTree = "<group>"; };
		8A3499921A7827F0001B5A28 /* FUISwitch.h */ = {isa = PBXFileReference; fileEncoding = 4; lastKnownFileType = sourcecode.c.h; path = FUISwitch.h; sourceTree = "<group>"; };
		8A3499931A7827F0001B5A28 /* FUISwitch.m */ = {isa = PBXFileReference; fileEncoding = 4; lastKnownFileType = sourcecode.c.objc; path = FUISwitch.m; sourceTree = "<group>"; };
		8A3499941A7827F0001B5A28 /* FUITextField.h */ = {isa = PBXFileReference; fileEncoding = 4; lastKnownFileType = sourcecode.c.h; path = FUITextField.h; sourceTree = "<group>"; };
		8A3499951A7827F0001B5A28 /* FUITextField.m */ = {isa = PBXFileReference; fileEncoding = 4; lastKnownFileType = sourcecode.c.objc; path = FUITextField.m; sourceTree = "<group>"; };
		8A3499961A7827F0001B5A28 /* NSString+Icons.h */ = {isa = PBXFileReference; fileEncoding = 4; lastKnownFileType = sourcecode.c.h; path = "NSString+Icons.h"; sourceTree = "<group>"; };
		8A3499971A7827F0001B5A28 /* NSString+Icons.m */ = {isa = PBXFileReference; fileEncoding = 4; lastKnownFileType = sourcecode.c.objc; path = "NSString+Icons.m"; sourceTree = "<group>"; };
		8A3499981A7827F0001B5A28 /* UIBarButtonItem+FlatUI.h */ = {isa = PBXFileReference; fileEncoding = 4; lastKnownFileType = sourcecode.c.h; path = "UIBarButtonItem+FlatUI.h"; sourceTree = "<group>"; };
		8A3499991A7827F0001B5A28 /* UIBarButtonItem+FlatUI.m */ = {isa = PBXFileReference; fileEncoding = 4; lastKnownFileType = sourcecode.c.objc; path = "UIBarButtonItem+FlatUI.m"; sourceTree = "<group>"; };
		8A34999A1A7827F0001B5A28 /* UIColor+FlatUI.h */ = {isa = PBXFileReference; fileEncoding = 4; lastKnownFileType = sourcecode.c.h; path = "UIColor+FlatUI.h"; sourceTree = "<group>"; };
		8A34999B1A7827F0001B5A28 /* UIColor+FlatUI.m */ = {isa = PBXFileReference; fileEncoding = 4; lastKnownFileType = sourcecode.c.objc; path = "UIColor+FlatUI.m"; sourceTree = "<group>"; };
		8A34999C1A7827F0001B5A28 /* UIFont+FlatUI.h */ = {isa = PBXFileReference; fileEncoding = 4; lastKnownFileType = sourcecode.c.h; path = "UIFont+FlatUI.h"; sourceTree = "<group>"; };
		8A34999D1A7827F0001B5A28 /* UIFont+FlatUI.m */ = {isa = PBXFileReference; fileEncoding = 4; lastKnownFileType = sourcecode.c.objc; path = "UIFont+FlatUI.m"; sourceTree = "<group>"; };
		8A34999E1A7827F0001B5A28 /* UIImage+FlatUI.h */ = {isa = PBXFileReference; fileEncoding = 4; lastKnownFileType = sourcecode.c.h; path = "UIImage+FlatUI.h"; sourceTree = "<group>"; };
		8A34999F1A7827F0001B5A28 /* UIImage+FlatUI.m */ = {isa = PBXFileReference; fileEncoding = 4; lastKnownFileType = sourcecode.c.objc; path = "UIImage+FlatUI.m"; sourceTree = "<group>"; };
		8A3499A01A7827F0001B5A28 /* UINavigationBar+FlatUI.h */ = {isa = PBXFileReference; fileEncoding = 4; lastKnownFileType = sourcecode.c.h; path = "UINavigationBar+FlatUI.h"; sourceTree = "<group>"; };
		8A3499A11A7827F0001B5A28 /* UINavigationBar+FlatUI.m */ = {isa = PBXFileReference; fileEncoding = 4; lastKnownFileType = sourcecode.c.objc; path = "UINavigationBar+FlatUI.m"; sourceTree = "<group>"; };
		8A3499A21A7827F0001B5A28 /* UIPopoverController+FlatUI.h */ = {isa = PBXFileReference; fileEncoding = 4; lastKnownFileType = sourcecode.c.h; path = "UIPopoverController+FlatUI.h"; sourceTree = "<group>"; };
		8A3499A31A7827F0001B5A28 /* UIPopoverController+FlatUI.m */ = {isa = PBXFileReference; fileEncoding = 4; lastKnownFileType = sourcecode.c.objc; path = "UIPopoverController+FlatUI.m"; sourceTree = "<group>"; };
		8A3499A41A7827F0001B5A28 /* UIProgressView+FlatUI.h */ = {isa = PBXFileReference; fileEncoding = 4; lastKnownFileType = sourcecode.c.h; path = "UIProgressView+FlatUI.h"; sourceTree = "<group>"; };
		8A3499A51A7827F0001B5A28 /* UIProgressView+FlatUI.m */ = {isa = PBXFileReference; fileEncoding = 4; lastKnownFileType = sourcecode.c.objc; path = "UIProgressView+FlatUI.m"; sourceTree = "<group>"; };
		8A3499A61A7827F0001B5A28 /* UISlider+FlatUI.h */ = {isa = PBXFileReference; fileEncoding = 4; lastKnownFileType = sourcecode.c.h; path = "UISlider+FlatUI.h"; sourceTree = "<group>"; };
		8A3499A71A7827F0001B5A28 /* UISlider+FlatUI.m */ = {isa = PBXFileReference; fileEncoding = 4; lastKnownFileType = sourcecode.c.objc; path = "UISlider+FlatUI.m"; sourceTree = "<group>"; };
		8A3499A81A7827F0001B5A28 /* UIStepper+FlatUI.h */ = {isa = PBXFileReference; fileEncoding = 4; lastKnownFileType = sourcecode.c.h; path = "UIStepper+FlatUI.h"; sourceTree = "<group>"; };
		8A3499A91A7827F0001B5A28 /* UIStepper+FlatUI.m */ = {isa = PBXFileReference; fileEncoding = 4; lastKnownFileType = sourcecode.c.objc; path = "UIStepper+FlatUI.m"; sourceTree = "<group>"; };
		8A3499AA1A7827F0001B5A28 /* UITabBar+FlatUI.h */ = {isa = PBXFileReference; fileEncoding = 4; lastKnownFileType = sourcecode.c.h; path = "UITabBar+FlatUI.h"; sourceTree = "<group>"; };
		8A3499AB1A7827F0001B5A28 /* UITabBar+FlatUI.m */ = {isa = PBXFileReference; fileEncoding = 4; lastKnownFileType = sourcecode.c.objc; path = "UITabBar+FlatUI.m"; sourceTree = "<group>"; };
		8A3499AC1A7827F0001B5A28 /* UITableViewCell+FlatUI.h */ = {isa = PBXFileReference; fileEncoding = 4; lastKnownFileType = sourcecode.c.h; path = "UITableViewCell+FlatUI.h"; sourceTree = "<group>"; };
		8A3499AD1A7827F0001B5A28 /* UITableViewCell+FlatUI.m */ = {isa = PBXFileReference; fileEncoding = 4; lastKnownFileType = sourcecode.c.objc; path = "UITableViewCell+FlatUI.m"; sourceTree = "<group>"; };
		8A3499AE1A7827F0001B5A28 /* UIToolbar+FlatUI.h */ = {isa = PBXFileReference; fileEncoding = 4; lastKnownFileType = sourcecode.c.h; path = "UIToolbar+FlatUI.h"; sourceTree = "<group>"; };
		8A3499AF1A7827F0001B5A28 /* UIToolbar+FlatUI.m */ = {isa = PBXFileReference; fileEncoding = 4; lastKnownFileType = sourcecode.c.objc; path = "UIToolbar+FlatUI.m"; sourceTree = "<group>"; };
/* End PBXFileReference section */

/* Begin PBXFrameworksBuildPhase section */
		8A3499561A75871E001B5A28 /* Frameworks */ = {
			isa = PBXFrameworksBuildPhase;
			buildActionMask = 2147483647;
			files = (
				6EA4A68E1A7ABFB600B625ED /* libsqlite3.dylib in Frameworks */,
				6EA4A68C1A7ABFAD00B625ED /* libz.dylib in Frameworks */,
				6EA4A68A1A7ABFA600B625ED /* SystemConfiguration.framework in Frameworks */,
				6EA4A6881A7ABF9D00B625ED /* StoreKit.framework in Frameworks */,
				6EA4A6861A7ABF9400B625ED /* Security.framework in Frameworks */,
				6EA4A6841A7ABF8A00B625ED /* QuartzCore.framework in Frameworks */,
				6EA4A6821A7ABF8000B625ED /* MobileCoreServices.framework in Frameworks */,
				6EA4A6801A7ABF7600B625ED /* CoreLocation.framework in Frameworks */,
				6EA4A67E1A7ABF6700B625ED /* CoreGraphics.framework in Frameworks */,
				6EA4A67C1A7ABF4D00B625ED /* CFNetwork.framework in Frameworks */,
				6EA4A67A1A7ABF2E00B625ED /* AudioToolbox.framework in Frameworks */,
				6EA4A66E1A7826F400B625ED /* FacebookSDK.framework in Frameworks */,
				6EA4A6781A7ABEDA00B625ED /* Parse.framework in Frameworks */,
				6EA4A6771A7ABEDA00B625ED /* Bolts.framework in Frameworks */,
			);
			runOnlyForDeploymentPostprocessing = 0;
		};
		8A34996B1A75871E001B5A28 /* Frameworks */ = {
			isa = PBXFrameworksBuildPhase;
			buildActionMask = 2147483647;
			files = (
			);
			runOnlyForDeploymentPostprocessing = 0;
		};
/* End PBXFrameworksBuildPhase section */

/* Begin PBXGroup section */
		6EA4A5311A78254400B625ED /* Frameworks */ = {
			isa = PBXGroup;
			children = (
				6EA4A68D1A7ABFB600B625ED /* libsqlite3.dylib */,
				6EA4A68B1A7ABFAD00B625ED /* libz.dylib */,
				6EA4A6891A7ABFA600B625ED /* SystemConfiguration.framework */,
				6EA4A6871A7ABF9D00B625ED /* StoreKit.framework */,
				6EA4A6851A7ABF9400B625ED /* Security.framework */,
				6EA4A6831A7ABF8A00B625ED /* QuartzCore.framework */,
				6EA4A6811A7ABF8000B625ED /* MobileCoreServices.framework */,
				6EA4A67F1A7ABF7600B625ED /* CoreLocation.framework */,
				6EA4A67D1A7ABF6700B625ED /* CoreGraphics.framework */,
				6EA4A67B1A7ABF4D00B625ED /* CFNetwork.framework */,
				6EA4A6791A7ABF2E00B625ED /* AudioToolbox.framework */,
				6EA4A6751A7ABEDA00B625ED /* Bolts.framework */,
				6EA4A6761A7ABEDA00B625ED /* Parse.framework */,
				6EA4A66D1A7826F400B625ED /* FacebookSDK.framework */,
			);
			name = Frameworks;
			sourceTree = "<group>";
		};
		8A3499501A75871E001B5A28 = {
			isa = PBXGroup;
			children = (
				6EA4A5311A78254400B625ED /* Frameworks */,
				8A34995B1A75871E001B5A28 /* Camptivity */,
				8A3499711A75871E001B5A28 /* CamptivityTests */,
				8A34995A1A75871E001B5A28 /* Products */,
				8A3499861A7827F0001B5A28 /* FlatUiKit */,
			);
			sourceTree = "<group>";
		};
		8A34995A1A75871E001B5A28 /* Products */ = {
			isa = PBXGroup;
			children = (
				8A3499591A75871E001B5A28 /* Camptivity.app */,
				8A34996E1A75871E001B5A28 /* CamptivityTests.xctest */,
			);
			name = Products;
			sourceTree = "<group>";
		};
		8A34995B1A75871E001B5A28 /* Camptivity */ = {
			isa = PBXGroup;
			children = (
				8A34995E1A75871E001B5A28 /* AppDelegate.swift */,
				8A3499601A75871E001B5A28 /* ViewController.swift */,
				8A3499621A75871E001B5A28 /* Main.storyboard */,
				8A3499651A75871E001B5A28 /* Images.xcassets */,
				8A3499671A75871E001B5A28 /* LaunchScreen.xib */,
				8A34995C1A75871E001B5A28 /* Supporting Files */,
			);
			path = Camptivity;
			sourceTree = "<group>";
		};
		8A34995C1A75871E001B5A28 /* Supporting Files */ = {
			isa = PBXGroup;
			children = (
				8A3499841A782269001B5A28 /* location-25.png */,
				8A3499821A7820A7001B5A28 /* group-25.png */,
				8A3499801A782048001B5A28 /* map-25.png */,
				8A34995D1A75871E001B5A28 /* Info.plist */,
			);
			name = "Supporting Files";
			sourceTree = "<group>";
		};
		8A3499711A75871E001B5A28 /* CamptivityTests */ = {
			isa = PBXGroup;
			children = (
				8A3499741A75871E001B5A28 /* CamptivityTests.swift */,
				8A3499721A75871E001B5A28 /* Supporting Files */,
			);
			path = CamptivityTests;
			sourceTree = "<group>";
		};
		8A3499721A75871E001B5A28 /* Supporting Files */ = {
			isa = PBXGroup;
			children = (
				8A3499731A75871E001B5A28 /* Info.plist */,
			);
			name = "Supporting Files";
			sourceTree = "<group>";
		};
		8A3499861A7827F0001B5A28 /* FlatUiKit */ = {
			isa = PBXGroup;
			children = (
				8A3499871A7827F0001B5A28 /* FlatUIKit.h */,
				8A3499881A7827F0001B5A28 /* FUIAlertView.h */,
				8A3499891A7827F0001B5A28 /* FUIAlertView.m */,
				8A34998A1A7827F0001B5A28 /* FUIButton.h */,
				8A34998B1A7827F0001B5A28 /* FUIButton.m */,
				8A34998C1A7827F0001B5A28 /* FUICellBackgroundView.h */,
				8A34998D1A7827F0001B5A28 /* FUICellBackgroundView.m */,
				8A34998E1A7827F0001B5A28 /* FUIPopoverBackgroundView.h */,
				8A34998F1A7827F0001B5A28 /* FUIPopoverBackgroundView.m */,
				8A3499901A7827F0001B5A28 /* FUISegmentedControl.h */,
				8A3499911A7827F0001B5A28 /* FUISegmentedControl.m */,
				8A3499921A7827F0001B5A28 /* FUISwitch.h */,
				8A3499931A7827F0001B5A28 /* FUISwitch.m */,
				8A3499941A7827F0001B5A28 /* FUITextField.h */,
				8A3499951A7827F0001B5A28 /* FUITextField.m */,
				8A3499961A7827F0001B5A28 /* NSString+Icons.h */,
				8A3499971A7827F0001B5A28 /* NSString+Icons.m */,
				8A3499981A7827F0001B5A28 /* UIBarButtonItem+FlatUI.h */,
				8A3499991A7827F0001B5A28 /* UIBarButtonItem+FlatUI.m */,
				8A34999A1A7827F0001B5A28 /* UIColor+FlatUI.h */,
				8A34999B1A7827F0001B5A28 /* UIColor+FlatUI.m */,
				8A34999C1A7827F0001B5A28 /* UIFont+FlatUI.h */,
				8A34999D1A7827F0001B5A28 /* UIFont+FlatUI.m */,
				8A34999E1A7827F0001B5A28 /* UIImage+FlatUI.h */,
				8A34999F1A7827F0001B5A28 /* UIImage+FlatUI.m */,
				8A3499A01A7827F0001B5A28 /* UINavigationBar+FlatUI.h */,
				8A3499A11A7827F0001B5A28 /* UINavigationBar+FlatUI.m */,
				8A3499A21A7827F0001B5A28 /* UIPopoverController+FlatUI.h */,
				8A3499A31A7827F0001B5A28 /* UIPopoverController+FlatUI.m */,
				8A3499A41A7827F0001B5A28 /* UIProgressView+FlatUI.h */,
				8A3499A51A7827F0001B5A28 /* UIProgressView+FlatUI.m */,
				8A3499A61A7827F0001B5A28 /* UISlider+FlatUI.h */,
				8A3499A71A7827F0001B5A28 /* UISlider+FlatUI.m */,
				8A3499A81A7827F0001B5A28 /* UIStepper+FlatUI.h */,
				8A3499A91A7827F0001B5A28 /* UIStepper+FlatUI.m */,
				8A3499AA1A7827F0001B5A28 /* UITabBar+FlatUI.h */,
				8A3499AB1A7827F0001B5A28 /* UITabBar+FlatUI.m */,
				8A3499AC1A7827F0001B5A28 /* UITableViewCell+FlatUI.h */,
				8A3499AD1A7827F0001B5A28 /* UITableViewCell+FlatUI.m */,
				8A3499AE1A7827F0001B5A28 /* UIToolbar+FlatUI.h */,
				8A3499AF1A7827F0001B5A28 /* UIToolbar+FlatUI.m */,
			);
			path = FlatUiKit;
			sourceTree = "<group>";
		};
/* End PBXGroup section */

/* Begin PBXNativeTarget section */
		8A3499581A75871E001B5A28 /* Camptivity */ = {
			isa = PBXNativeTarget;
			buildConfigurationList = 8A3499781A75871E001B5A28 /* Build configuration list for PBXNativeTarget "Camptivity" */;
			buildPhases = (
				8A3499551A75871E001B5A28 /* Sources */,
				8A3499561A75871E001B5A28 /* Frameworks */,
				8A3499571A75871E001B5A28 /* Resources */,
			);
			buildRules = (
			);
			dependencies = (
			);
			name = Camptivity;
			productName = Camptivity;
			productReference = 8A3499591A75871E001B5A28 /* Camptivity.app */;
			productType = "com.apple.product-type.application";
		};
		8A34996D1A75871E001B5A28 /* CamptivityTests */ = {
			isa = PBXNativeTarget;
			buildConfigurationList = 8A34997B1A75871E001B5A28 /* Build configuration list for PBXNativeTarget "CamptivityTests" */;
			buildPhases = (
				8A34996A1A75871E001B5A28 /* Sources */,
				8A34996B1A75871E001B5A28 /* Frameworks */,
				8A34996C1A75871E001B5A28 /* Resources */,
			);
			buildRules = (
			);
			dependencies = (
				8A3499701A75871E001B5A28 /* PBXTargetDependency */,
			);
			name = CamptivityTests;
			productName = CamptivityTests;
			productReference = 8A34996E1A75871E001B5A28 /* CamptivityTests.xctest */;
			productType = "com.apple.product-type.bundle.unit-test";
		};
/* End PBXNativeTarget section */

/* Begin PBXProject section */
		8A3499511A75871E001B5A28 /* Project object */ = {
			isa = PBXProject;
			attributes = {
				LastUpgradeCheck = 0610;
				ORGANIZATIONNAME = "Shayan Mahdavi";
				TargetAttributes = {
					8A3499581A75871E001B5A28 = {
						CreatedOnToolsVersion = 6.1.1;
					};
					8A34996D1A75871E001B5A28 = {
						CreatedOnToolsVersion = 6.1.1;
						TestTargetID = 8A3499581A75871E001B5A28;
					};
				};
			};
			buildConfigurationList = 8A3499541A75871E001B5A28 /* Build configuration list for PBXProject "Camptivity" */;
			compatibilityVersion = "Xcode 3.2";
			developmentRegion = English;
			hasScannedForEncodings = 0;
			knownRegions = (
				en,
				Base,
				he,
			);
			mainGroup = 8A3499501A75871E001B5A28;
			productRefGroup = 8A34995A1A75871E001B5A28 /* Products */;
			projectDirPath = "";
			projectRoot = "";
			targets = (
				8A3499581A75871E001B5A28 /* Camptivity */,
				8A34996D1A75871E001B5A28 /* CamptivityTests */,
			);
		};
/* End PBXProject section */

/* Begin PBXResourcesBuildPhase section */
		8A3499571A75871E001B5A28 /* Resources */ = {
			isa = PBXResourcesBuildPhase;
			buildActionMask = 2147483647;
			files = (
				8A3499641A75871E001B5A28 /* Main.storyboard in Resources */,
				8A3499851A782269001B5A28 /* location-25.png in Resources */,
				8A3499691A75871E001B5A28 /* LaunchScreen.xib in Resources */,
				8A3499661A75871E001B5A28 /* Images.xcassets in Resources */,
				8A3499831A7820A7001B5A28 /* group-25.png in Resources */,
				8A3499811A782048001B5A28 /* map-25.png in Resources */,
			);
			runOnlyForDeploymentPostprocessing = 0;
		};
		8A34996C1A75871E001B5A28 /* Resources */ = {
			isa = PBXResourcesBuildPhase;
			buildActionMask = 2147483647;
			files = (
			);
			runOnlyForDeploymentPostprocessing = 0;
		};
/* End PBXResourcesBuildPhase section */

/* Begin PBXSourcesBuildPhase section */
		8A3499551A75871E001B5A28 /* Sources */ = {
			isa = PBXSourcesBuildPhase;
			buildActionMask = 2147483647;
			files = (
				8A3499C21A7827F0001B5A28 /* UITableViewCell+FlatUI.m in Sources */,
				8A3499B81A7827F0001B5A28 /* UIBarButtonItem+FlatUI.m in Sources */,
				8A3499B61A7827F0001B5A28 /* FUITextField.m in Sources */,
				8A3499C11A7827F0001B5A28 /* UITabBar+FlatUI.m in Sources */,
				8A3499611A75871E001B5A28 /* ViewController.swift in Sources */,
				8A34995F1A75871E001B5A28 /* AppDelegate.swift in Sources */,
				8A3499BD1A7827F0001B5A28 /* UIPopoverController+FlatUI.m in Sources */,
				8A3499B21A7827F0001B5A28 /* FUICellBackgroundView.m in Sources */,
				8A3499BE1A7827F0001B5A28 /* UIProgressView+FlatUI.m in Sources */,
				8A3499B71A7827F0001B5A28 /* NSString+Icons.m in Sources */,
				8A3499B41A7827F0001B5A28 /* FUISegmentedControl.m in Sources */,
				8A3499B51A7827F0001B5A28 /* FUISwitch.m in Sources */,
				8A3499BC1A7827F0001B5A28 /* UINavigationBar+FlatUI.m in Sources */,
				8A3499BB1A7827F0001B5A28 /* UIImage+FlatUI.m in Sources */,
				8A3499BA1A7827F0001B5A28 /* UIFont+FlatUI.m in Sources */,
				8A3499BF1A7827F0001B5A28 /* UISlider+FlatUI.m in Sources */,
				8A3499B91A7827F0001B5A28 /* UIColor+FlatUI.m in Sources */,
				8A3499B31A7827F0001B5A28 /* FUIPopoverBackgroundView.m in Sources */,
				8A3499C31A7827F0001B5A28 /* UIToolbar+FlatUI.m in Sources */,
				8A3499B11A7827F0001B5A28 /* FUIButton.m in Sources */,
				8A3499C01A7827F0001B5A28 /* UIStepper+FlatUI.m in Sources */,
				8A3499B01A7827F0001B5A28 /* FUIAlertView.m in Sources */,
			);
			runOnlyForDeploymentPostprocessing = 0;
		};
		8A34996A1A75871E001B5A28 /* Sources */ = {
			isa = PBXSourcesBuildPhase;
			buildActionMask = 2147483647;
			files = (
				8A3499751A75871E001B5A28 /* CamptivityTests.swift in Sources */,
			);
			runOnlyForDeploymentPostprocessing = 0;
		};
/* End PBXSourcesBuildPhase section */

/* Begin PBXTargetDependency section */
		8A3499701A75871E001B5A28 /* PBXTargetDependency */ = {
			isa = PBXTargetDependency;
			target = 8A3499581A75871E001B5A28 /* Camptivity */;
			targetProxy = 8A34996F1A75871E001B5A28 /* PBXContainerItemProxy */;
		};
/* End PBXTargetDependency section */

/* Begin PBXVariantGroup section */
		8A3499621A75871E001B5A28 /* Main.storyboard */ = {
			isa = PBXVariantGroup;
			children = (
				8A3499631A75871E001B5A28 /* Base */,
			);
			name = Main.storyboard;
			sourceTree = "<group>";
		};
		8A3499671A75871E001B5A28 /* LaunchScreen.xib */ = {
			isa = PBXVariantGroup;
			children = (
				8A3499681A75871E001B5A28 /* Base */,
			);
			name = LaunchScreen.xib;
			sourceTree = "<group>";
		};
/* End PBXVariantGroup section */

/* Begin XCBuildConfiguration section */
		8A3499761A75871E001B5A28 /* Debug */ = {
			isa = XCBuildConfiguration;
			buildSettings = {
				ALWAYS_SEARCH_USER_PATHS = NO;
				CLANG_CXX_LANGUAGE_STANDARD = "gnu++0x";
				CLANG_CXX_LIBRARY = "libc++";
				CLANG_ENABLE_MODULES = YES;
				CLANG_ENABLE_OBJC_ARC = YES;
				CLANG_WARN_BOOL_CONVERSION = YES;
				CLANG_WARN_CONSTANT_CONVERSION = YES;
				CLANG_WARN_DIRECT_OBJC_ISA_USAGE = YES_ERROR;
				CLANG_WARN_EMPTY_BODY = YES;
				CLANG_WARN_ENUM_CONVERSION = YES;
				CLANG_WARN_INT_CONVERSION = YES;
				CLANG_WARN_OBJC_ROOT_CLASS = YES_ERROR;
				CLANG_WARN_UNREACHABLE_CODE = YES;
				CLANG_WARN__DUPLICATE_METHOD_MATCH = YES;
				"CODE_SIGN_IDENTITY[sdk=iphoneos*]" = "iPhone Developer";
				COPY_PHASE_STRIP = NO;
				ENABLE_STRICT_OBJC_MSGSEND = YES;
				GCC_C_LANGUAGE_STANDARD = gnu99;
				GCC_DYNAMIC_NO_PIC = NO;
				GCC_OPTIMIZATION_LEVEL = 0;
				GCC_PREPROCESSOR_DEFINITIONS = (
					"DEBUG=1",
					"$(inherited)",
				);
				GCC_SYMBOLS_PRIVATE_EXTERN = NO;
				GCC_WARN_64_TO_32_BIT_CONVERSION = YES;
				GCC_WARN_ABOUT_RETURN_TYPE = YES_ERROR;
				GCC_WARN_UNDECLARED_SELECTOR = YES;
				GCC_WARN_UNINITIALIZED_AUTOS = YES_AGGRESSIVE;
				GCC_WARN_UNUSED_FUNCTION = YES;
				GCC_WARN_UNUSED_VARIABLE = YES;
				IPHONEOS_DEPLOYMENT_TARGET = 8.1;
				MTL_ENABLE_DEBUG_INFO = YES;
				ONLY_ACTIVE_ARCH = YES;
				SDKROOT = iphoneos;
				SWIFT_OPTIMIZATION_LEVEL = "-Onone";
				TARGETED_DEVICE_FAMILY = "1,2";
			};
			name = Debug;
		};
		8A3499771A75871E001B5A28 /* Release */ = {
			isa = XCBuildConfiguration;
			buildSettings = {
				ALWAYS_SEARCH_USER_PATHS = NO;
				CLANG_CXX_LANGUAGE_STANDARD = "gnu++0x";
				CLANG_CXX_LIBRARY = "libc++";
				CLANG_ENABLE_MODULES = YES;
				CLANG_ENABLE_OBJC_ARC = YES;
				CLANG_WARN_BOOL_CONVERSION = YES;
				CLANG_WARN_CONSTANT_CONVERSION = YES;
				CLANG_WARN_DIRECT_OBJC_ISA_USAGE = YES_ERROR;
				CLANG_WARN_EMPTY_BODY = YES;
				CLANG_WARN_ENUM_CONVERSION = YES;
				CLANG_WARN_INT_CONVERSION = YES;
				CLANG_WARN_OBJC_ROOT_CLASS = YES_ERROR;
				CLANG_WARN_UNREACHABLE_CODE = YES;
				CLANG_WARN__DUPLICATE_METHOD_MATCH = YES;
				"CODE_SIGN_IDENTITY[sdk=iphoneos*]" = "iPhone Developer";
				COPY_PHASE_STRIP = YES;
				ENABLE_NS_ASSERTIONS = NO;
				ENABLE_STRICT_OBJC_MSGSEND = YES;
				GCC_C_LANGUAGE_STANDARD = gnu99;
				GCC_WARN_64_TO_32_BIT_CONVERSION = YES;
				GCC_WARN_ABOUT_RETURN_TYPE = YES_ERROR;
				GCC_WARN_UNDECLARED_SELECTOR = YES;
				GCC_WARN_UNINITIALIZED_AUTOS = YES_AGGRESSIVE;
				GCC_WARN_UNUSED_FUNCTION = YES;
				GCC_WARN_UNUSED_VARIABLE = YES;
				IPHONEOS_DEPLOYMENT_TARGET = 8.1;
				MTL_ENABLE_DEBUG_INFO = NO;
				SDKROOT = iphoneos;
				TARGETED_DEVICE_FAMILY = "1,2";
				VALIDATE_PRODUCT = YES;
			};
			name = Release;
		};
		8A3499791A75871E001B5A28 /* Debug */ = {
			isa = XCBuildConfiguration;
			buildSettings = {
				ASSETCATALOG_COMPILER_APPICON_NAME = AppIcon;
				FRAMEWORK_SEARCH_PATHS = (
					"$(inherited)",
					/Users/khoanguyen/Documents/FacebookSDK,
					"$(PROJECT_DIR)",
					"/Users/khoanguyen/Documents/parse-library-1",
				);
				INFOPLIST_FILE = Camptivity/Info.plist;
				LD_RUNPATH_SEARCH_PATHS = "$(inherited) @executable_path/Frameworks";
				PRODUCT_NAME = "$(TARGET_NAME)";
			};
			name = Debug;
		};
		8A34997A1A75871E001B5A28 /* Release */ = {
			isa = XCBuildConfiguration;
			buildSettings = {
				ASSETCATALOG_COMPILER_APPICON_NAME = AppIcon;
				FRAMEWORK_SEARCH_PATHS = (
					"$(inherited)",
					/Users/khoanguyen/Documents/FacebookSDK,
					"$(PROJECT_DIR)",
					"/Users/khoanguyen/Documents/parse-library-1",
				);
				INFOPLIST_FILE = Camptivity/Info.plist;
				LD_RUNPATH_SEARCH_PATHS = "$(inherited) @executable_path/Frameworks";
				PRODUCT_NAME = "$(TARGET_NAME)";
			};
			name = Release;
		};
		8A34997C1A75871E001B5A28 /* Debug */ = {
			isa = XCBuildConfiguration;
			buildSettings = {
				BUNDLE_LOADER = "$(TEST_HOST)";
				FRAMEWORK_SEARCH_PATHS = (
					"$(SDKROOT)/Developer/Library/Frameworks",
					"$(inherited)",
				);
				GCC_PREPROCESSOR_DEFINITIONS = (
					"DEBUG=1",
					"$(inherited)",
				);
				INFOPLIST_FILE = CamptivityTests/Info.plist;
				LD_RUNPATH_SEARCH_PATHS = "$(inherited) @executable_path/Frameworks @loader_path/Frameworks";
				PRODUCT_NAME = "$(TARGET_NAME)";
				TEST_HOST = "$(BUILT_PRODUCTS_DIR)/Camptivity.app/Camptivity";
			};
			name = Debug;
		};
		8A34997D1A75871E001B5A28 /* Release */ = {
			isa = XCBuildConfiguration;
			buildSettings = {
				BUNDLE_LOADER = "$(TEST_HOST)";
				FRAMEWORK_SEARCH_PATHS = (
					"$(SDKROOT)/Developer/Library/Frameworks",
					"$(inherited)",
				);
				INFOPLIST_FILE = CamptivityTests/Info.plist;
				LD_RUNPATH_SEARCH_PATHS = "$(inherited) @executable_path/Frameworks @loader_path/Frameworks";
				PRODUCT_NAME = "$(TARGET_NAME)";
				TEST_HOST = "$(BUILT_PRODUCTS_DIR)/Camptivity.app/Camptivity";
			};
			name = Release;
		};
/* End XCBuildConfiguration section */

/* Begin XCConfigurationList section */
		8A3499541A75871E001B5A28 /* Build configuration list for PBXProject "Camptivity" */ = {
			isa = XCConfigurationList;
			buildConfigurations = (
				8A3499761A75871E001B5A28 /* Debug */,
				8A3499771A75871E001B5A28 /* Release */,
			);
			defaultConfigurationIsVisible = 0;
			defaultConfigurationName = Release;
		};
		8A3499781A75871E001B5A28 /* Build configuration list for PBXNativeTarget "Camptivity" */ = {
			isa = XCConfigurationList;
			buildConfigurations = (
				8A3499791A75871E001B5A28 /* Debug */,
				8A34997A1A75871E001B5A28 /* Release */,
			);
			defaultConfigurationIsVisible = 0;
			defaultConfigurationName = Release;
		};
		8A34997B1A75871E001B5A28 /* Build configuration list for PBXNativeTarget "CamptivityTests" */ = {
			isa = XCConfigurationList;
			buildConfigurations = (
				8A34997C1A75871E001B5A28 /* Debug */,
				8A34997D1A75871E001B5A28 /* Release */,
			);
			defaultConfigurationIsVisible = 0;
			defaultConfigurationName = Release;
		};
/* End XCConfigurationList section */
	};
	rootObject = 8A3499511A75871E001B5A28 /* Project object */;
}
